
Microsoft Visual Studio Solution File, Format Version 12.00
# Visual Studio Version 16
VisualStudioVersion = 16.0.29411.108
MinimumVisualStudioVersion = 10.0.40219.1
Project("{2150E333-8FDC-42A3-9474-1A3956D46DE8}") = "Tests", "Tests", "{533683F1-B92C-4149-A2AD-6045623BC6D8}"
EndProject
Project("{2150E333-8FDC-42A3-9474-1A3956D46DE8}") = "Samples", "Samples", "{E41DF193-4045-472B-8E45-39D461B4C4B5}"
EndProject
Project("{D954291E-2A0B-460D-934E-DC6B0785DB48}") = "HighlightMarker.Shared", "HighlightMarker.Shared\HighlightMarker.Shared.shproj", "{4D17E49B-5E42-487E-B057-DA0D8D364662}"
EndProject
Project("{2150E333-8FDC-42A3-9474-1A3956D46DE8}") = "Solution Items", "Solution Items", "{A40B9C6A-925B-455F-A48E-8FD6E62FDB64}"
	ProjectSection(SolutionItems) = preProject
		.editorconfig = .editorconfig
		.gitignore = .gitignore
		azure-pipelines.yml = azure-pipelines.yml
		HighlightMarker.Forms.nuspec = HighlightMarker.Forms.nuspec
		HighlightMarker.nuspec = HighlightMarker.nuspec
		LICENSE.txt = LICENSE.txt
		README.md = README.md
	EndProjectSection
EndProject
Project("{FAE04EC0-301F-11D3-BF4B-00C04F79EFBC}") = "HighlightMarker.Netfx", "HighlightMarker.NetFx\HighlightMarker.Netfx.csproj", "{EFC0655A-C5B8-4B71-B130-3BA06F43287D}"
EndProject
Project("{FAE04EC0-301F-11D3-BF4B-00C04F79EFBC}") = "HighlightMarkerSample.WPF", "Samples\HighlightMarkerSample.WPF\HighlightMarkerSample.WPF.csproj", "{2785E86E-0174-4EB3-8160-219A75E17155}"
EndProject
Project("{9A19103F-16F7-4668-BE54-9A1E7A4F7556}") = "HighlightMarkerSample", "Samples\HighlightMarkerSample\HighlightMarkerSample.csproj", "{11F8C63C-C82B-4D73-AC99-328EA3991A1F}"
EndProject
Project("{9A19103F-16F7-4668-BE54-9A1E7A4F7556}") = "HighlightMarker", "HighlightMarker\HighlightMarker.csproj", "{3A3DD70F-6FDF-4E6D-9992-0BBABF665A44}"
EndProject
Project("{9A19103F-16F7-4668-BE54-9A1E7A4F7556}") = "HighlightMarker.Forms", "HighlightMarker.Forms\HighlightMarker.Forms.csproj", "{60B4C855-1003-478B-A32D-61F1CB1F4C1C}"
EndProject
Project("{FAE04EC0-301F-11D3-BF4B-00C04F79EFBC}") = "HighlightMarker.UWP", "HighlightMarker.UWP\HighlightMarker.UWP.csproj", "{15371BE7-C46D-40AE-BEF1-8F44497E696D}"
EndProject
Project("{9A19103F-16F7-4668-BE54-9A1E7A4F7556}") = "HighlightMarker.WPF", "HighlightMarker.WPF\HighlightMarker.WPF.csproj", "{95B53D2B-C4D7-44A1-B8FD-35078676AB60}"
EndProject
Project("{D954291E-2A0B-460D-934E-DC6B0785DB48}") = "HighlightMarker.Tests.Shared", "Tests\HighlightMarker.Tests.Shared\HighlightMarker.Tests.Shared.shproj", "{C7F76DB4-32EC-483B-8D5B-4AF1E156EE06}"
EndProject
Project("{9A19103F-16F7-4668-BE54-9A1E7A4F7556}") = "HighlightMarker.Forms.Tests", "Tests\HighlightMarker.Forms.Tests\HighlightMarker.Forms.Tests.csproj", "{BB8A66D6-2E6A-4208-87D4-1AFB3EE58AFF}"
EndProject
Project("{9A19103F-16F7-4668-BE54-9A1E7A4F7556}") = "HighlightMarker.Netfx.Tests", "Tests\HighlightMarker.NetFx.Tests\HighlightMarker.Netfx.Tests.csproj", "{8A972481-D894-4673-8D5E-20E109C99891}"
EndProject
Project("{9A19103F-16F7-4668-BE54-9A1E7A4F7556}") = "HighlightMarker.WPF.Tests", "Tests\HighlightMarker.WPF.Tests\HighlightMarker.WPF.Tests.csproj", "{882FC137-1238-43EA-9C41-3087D2FFA141}"
EndProject
Project("{FAE04EC0-301F-11D3-BF4B-00C04F79EFBC}") = "HighlightMarker.Tests", "Tests\HighlightMarker.Tests\HighlightMarker.Tests.csproj", "{57D1A84F-0EF4-4CDF-8DA5-DDF8486300A1}"
EndProject
Global
	GlobalSection(SharedMSBuildProjectFiles) = preSolution
		HighlightMarker.Shared\HighlightMarker.Shared.projitems*{15371be7-c46d-40ae-bef1-8f44497e696d}*SharedItemsImports = 4
		HighlightMarker.Shared\HighlightMarker.Shared.projitems*{3a3dd70f-6fdf-4e6d-9992-0bbabf665a44}*SharedItemsImports = 5
		HighlightMarker.Shared\HighlightMarker.Shared.projitems*{4d17e49b-5e42-487e-b057-da0d8d364662}*SharedItemsImports = 13
		Tests\HighlightMarker.Tests.Shared\HighlightMarker.Tests.Shared.projitems*{57d1a84f-0ef4-4cdf-8da5-ddf8486300a1}*SharedItemsImports = 5
		HighlightMarker.Shared\HighlightMarker.Shared.projitems*{60b4c855-1003-478b-a32d-61f1cb1f4c1c}*SharedItemsImports = 5
		Tests\HighlightMarker.Tests.Shared\HighlightMarker.Tests.Shared.projitems*{882fc137-1238-43ea-9c41-3087d2ffa141}*SharedItemsImports = 5
		Tests\HighlightMarker.Tests.Shared\HighlightMarker.Tests.Shared.projitems*{8a972481-d894-4673-8d5e-20e109c99891}*SharedItemsImports = 5
		HighlightMarker.Shared\HighlightMarker.Shared.projitems*{95b53d2b-c4d7-44a1-b8fd-35078676ab60}*SharedItemsImports = 5
		Tests\HighlightMarker.Tests.Shared\HighlightMarker.Tests.Shared.projitems*{bb8a66d6-2e6a-4208-87d4-1afb3ee58aff}*SharedItemsImports = 5
		Tests\HighlightMarker.Tests.Shared\HighlightMarker.Tests.Shared.projitems*{c7f76db4-32ec-483b-8d5b-4af1e156ee06}*SharedItemsImports = 13
		HighlightMarker.Shared\HighlightMarker.Shared.projitems*{efc0655a-c5b8-4b71-b130-3ba06f43287d}*SharedItemsImports = 4
	EndGlobalSection
	GlobalSection(SolutionConfigurationPlatforms) = preSolution
		Ad-Hoc|Any CPU = Ad-Hoc|Any CPU
		Ad-Hoc|ARM = Ad-Hoc|ARM
		Ad-Hoc|iPhone = Ad-Hoc|iPhone
		Ad-Hoc|iPhoneSimulator = Ad-Hoc|iPhoneSimulator
		Ad-Hoc|x64 = Ad-Hoc|x64
		Ad-Hoc|x86 = Ad-Hoc|x86
		AppStore|Any CPU = AppStore|Any CPU
		AppStore|ARM = AppStore|ARM
		AppStore|iPhone = AppStore|iPhone
		AppStore|iPhoneSimulator = AppStore|iPhoneSimulator
		AppStore|x64 = AppStore|x64
		AppStore|x86 = AppStore|x86
		Debug|Any CPU = Debug|Any CPU
		Debug|ARM = Debug|ARM
		Debug|iPhone = Debug|iPhone
		Debug|iPhoneSimulator = Debug|iPhoneSimulator
		Debug|x64 = Debug|x64
		Debug|x86 = Debug|x86
		Release|Any CPU = Release|Any CPU
		Release|ARM = Release|ARM
		Release|iPhone = Release|iPhone
		Release|iPhoneSimulator = Release|iPhoneSimulator
		Release|x64 = Release|x64
		Release|x86 = Release|x86
	EndGlobalSection
	GlobalSection(ProjectConfigurationPlatforms) = postSolution
		{EFC0655A-C5B8-4B71-B130-3BA06F43287D}.Ad-Hoc|Any CPU.ActiveCfg = Release|Any CPU
		{EFC0655A-C5B8-4B71-B130-3BA06F43287D}.Ad-Hoc|Any CPU.Build.0 = Release|Any CPU
		{EFC0655A-C5B8-4B71-B130-3BA06F43287D}.Ad-Hoc|ARM.ActiveCfg = Release|Any CPU
		{EFC0655A-C5B8-4B71-B130-3BA06F43287D}.Ad-Hoc|ARM.Build.0 = Release|Any CPU
		{EFC0655A-C5B8-4B71-B130-3BA06F43287D}.Ad-Hoc|iPhone.ActiveCfg = Release|Any CPU
		{EFC0655A-C5B8-4B71-B130-3BA06F43287D}.Ad-Hoc|iPhone.Build.0 = Release|Any CPU
		{EFC0655A-C5B8-4B71-B130-3BA06F43287D}.Ad-Hoc|iPhoneSimulator.ActiveCfg = Release|Any CPU
		{EFC0655A-C5B8-4B71-B130-3BA06F43287D}.Ad-Hoc|iPhoneSimulator.Build.0 = Release|Any CPU
		{EFC0655A-C5B8-4B71-B130-3BA06F43287D}.Ad-Hoc|x64.ActiveCfg = Release|Any CPU
		{EFC0655A-C5B8-4B71-B130-3BA06F43287D}.Ad-Hoc|x64.Build.0 = Release|Any CPU
		{EFC0655A-C5B8-4B71-B130-3BA06F43287D}.Ad-Hoc|x86.ActiveCfg = Release|Any CPU
		{EFC0655A-C5B8-4B71-B130-3BA06F43287D}.Ad-Hoc|x86.Build.0 = Release|Any CPU
		{EFC0655A-C5B8-4B71-B130-3BA06F43287D}.AppStore|Any CPU.ActiveCfg = Release|Any CPU
		{EFC0655A-C5B8-4B71-B130-3BA06F43287D}.AppStore|Any CPU.Build.0 = Release|Any CPU
		{EFC0655A-C5B8-4B71-B130-3BA06F43287D}.AppStore|ARM.ActiveCfg = Release|Any CPU
		{EFC0655A-C5B8-4B71-B130-3BA06F43287D}.AppStore|ARM.Build.0 = Release|Any CPU
		{EFC0655A-C5B8-4B71-B130-3BA06F43287D}.AppStore|iPhone.ActiveCfg = Release|Any CPU
		{EFC0655A-C5B8-4B71-B130-3BA06F43287D}.AppStore|iPhone.Build.0 = Release|Any CPU
		{EFC0655A-C5B8-4B71-B130-3BA06F43287D}.AppStore|iPhoneSimulator.ActiveCfg = Release|Any CPU
		{EFC0655A-C5B8-4B71-B130-3BA06F43287D}.AppStore|iPhoneSimulator.Build.0 = Release|Any CPU
		{EFC0655A-C5B8-4B71-B130-3BA06F43287D}.AppStore|x64.ActiveCfg = Release|Any CPU
		{EFC0655A-C5B8-4B71-B130-3BA06F43287D}.AppStore|x64.Build.0 = Release|Any CPU
		{EFC0655A-C5B8-4B71-B130-3BA06F43287D}.AppStore|x86.ActiveCfg = Release|Any CPU
		{EFC0655A-C5B8-4B71-B130-3BA06F43287D}.AppStore|x86.Build.0 = Release|Any CPU
		{EFC0655A-C5B8-4B71-B130-3BA06F43287D}.Debug|Any CPU.ActiveCfg = Debug|Any CPU
		{EFC0655A-C5B8-4B71-B130-3BA06F43287D}.Debug|Any CPU.Build.0 = Debug|Any CPU
		{EFC0655A-C5B8-4B71-B130-3BA06F43287D}.Debug|ARM.ActiveCfg = Debug|Any CPU
		{EFC0655A-C5B8-4B71-B130-3BA06F43287D}.Debug|ARM.Build.0 = Debug|Any CPU
		{EFC0655A-C5B8-4B71-B130-3BA06F43287D}.Debug|iPhone.ActiveCfg = Debug|Any CPU
		{EFC0655A-C5B8-4B71-B130-3BA06F43287D}.Debug|iPhone.Build.0 = Debug|Any CPU
		{EFC0655A-C5B8-4B71-B130-3BA06F43287D}.Debug|iPhoneSimulator.ActiveCfg = Debug|Any CPU
		{EFC0655A-C5B8-4B71-B130-3BA06F43287D}.Debug|iPhoneSimulator.Build.0 = Debug|Any CPU
		{EFC0655A-C5B8-4B71-B130-3BA06F43287D}.Debug|x64.ActiveCfg = Debug|Any CPU
		{EFC0655A-C5B8-4B71-B130-3BA06F43287D}.Debug|x64.Build.0 = Debug|Any CPU
		{EFC0655A-C5B8-4B71-B130-3BA06F43287D}.Debug|x86.ActiveCfg = Debug|Any CPU
		{EFC0655A-C5B8-4B71-B130-3BA06F43287D}.Debug|x86.Build.0 = Debug|Any CPU
		{EFC0655A-C5B8-4B71-B130-3BA06F43287D}.Release|Any CPU.ActiveCfg = Release|Any CPU
		{EFC0655A-C5B8-4B71-B130-3BA06F43287D}.Release|Any CPU.Build.0 = Release|Any CPU
		{EFC0655A-C5B8-4B71-B130-3BA06F43287D}.Release|ARM.ActiveCfg = Release|Any CPU
		{EFC0655A-C5B8-4B71-B130-3BA06F43287D}.Release|ARM.Build.0 = Release|Any CPU
		{EFC0655A-C5B8-4B71-B130-3BA06F43287D}.Release|iPhone.ActiveCfg = Release|Any CPU
		{EFC0655A-C5B8-4B71-B130-3BA06F43287D}.Release|iPhone.Build.0 = Release|Any CPU
		{EFC0655A-C5B8-4B71-B130-3BA06F43287D}.Release|iPhoneSimulator.ActiveCfg = Release|Any CPU
		{EFC0655A-C5B8-4B71-B130-3BA06F43287D}.Release|iPhoneSimulator.Build.0 = Release|Any CPU
		{EFC0655A-C5B8-4B71-B130-3BA06F43287D}.Release|x64.ActiveCfg = Release|Any CPU
		{EFC0655A-C5B8-4B71-B130-3BA06F43287D}.Release|x64.Build.0 = Release|Any CPU
		{EFC0655A-C5B8-4B71-B130-3BA06F43287D}.Release|x86.ActiveCfg = Release|Any CPU
		{EFC0655A-C5B8-4B71-B130-3BA06F43287D}.Release|x86.Build.0 = Release|Any CPU
		{2785E86E-0174-4EB3-8160-219A75E17155}.Ad-Hoc|Any CPU.ActiveCfg = Release|Any CPU
		{2785E86E-0174-4EB3-8160-219A75E17155}.Ad-Hoc|Any CPU.Build.0 = Release|Any CPU
		{2785E86E-0174-4EB3-8160-219A75E17155}.Ad-Hoc|ARM.ActiveCfg = Release|Any CPU
		{2785E86E-0174-4EB3-8160-219A75E17155}.Ad-Hoc|ARM.Build.0 = Release|Any CPU
		{2785E86E-0174-4EB3-8160-219A75E17155}.Ad-Hoc|iPhone.ActiveCfg = Release|Any CPU
		{2785E86E-0174-4EB3-8160-219A75E17155}.Ad-Hoc|iPhone.Build.0 = Release|Any CPU
		{2785E86E-0174-4EB3-8160-219A75E17155}.Ad-Hoc|iPhoneSimulator.ActiveCfg = Release|Any CPU
		{2785E86E-0174-4EB3-8160-219A75E17155}.Ad-Hoc|iPhoneSimulator.Build.0 = Release|Any CPU
		{2785E86E-0174-4EB3-8160-219A75E17155}.Ad-Hoc|x64.ActiveCfg = Release|Any CPU
		{2785E86E-0174-4EB3-8160-219A75E17155}.Ad-Hoc|x64.Build.0 = Release|Any CPU
		{2785E86E-0174-4EB3-8160-219A75E17155}.Ad-Hoc|x86.ActiveCfg = Release|Any CPU
		{2785E86E-0174-4EB3-8160-219A75E17155}.Ad-Hoc|x86.Build.0 = Release|Any CPU
		{2785E86E-0174-4EB3-8160-219A75E17155}.AppStore|Any CPU.ActiveCfg = Release|Any CPU
		{2785E86E-0174-4EB3-8160-219A75E17155}.AppStore|Any CPU.Build.0 = Release|Any CPU
		{2785E86E-0174-4EB3-8160-219A75E17155}.AppStore|ARM.ActiveCfg = Release|Any CPU
		{2785E86E-0174-4EB3-8160-219A75E17155}.AppStore|ARM.Build.0 = Release|Any CPU
		{2785E86E-0174-4EB3-8160-219A75E17155}.AppStore|iPhone.ActiveCfg = Release|Any CPU
		{2785E86E-0174-4EB3-8160-219A75E17155}.AppStore|iPhone.Build.0 = Release|Any CPU
		{2785E86E-0174-4EB3-8160-219A75E17155}.AppStore|iPhoneSimulator.ActiveCfg = Release|Any CPU
		{2785E86E-0174-4EB3-8160-219A75E17155}.AppStore|iPhoneSimulator.Build.0 = Release|Any CPU
		{2785E86E-0174-4EB3-8160-219A75E17155}.AppStore|x64.ActiveCfg = Release|Any CPU
		{2785E86E-0174-4EB3-8160-219A75E17155}.AppStore|x64.Build.0 = Release|Any CPU
		{2785E86E-0174-4EB3-8160-219A75E17155}.AppStore|x86.ActiveCfg = Release|Any CPU
		{2785E86E-0174-4EB3-8160-219A75E17155}.AppStore|x86.Build.0 = Release|Any CPU
		{2785E86E-0174-4EB3-8160-219A75E17155}.Debug|Any CPU.ActiveCfg = Debug|Any CPU
		{2785E86E-0174-4EB3-8160-219A75E17155}.Debug|Any CPU.Build.0 = Debug|Any CPU
		{2785E86E-0174-4EB3-8160-219A75E17155}.Debug|ARM.ActiveCfg = Debug|Any CPU
		{2785E86E-0174-4EB3-8160-219A75E17155}.Debug|ARM.Build.0 = Debug|Any CPU
		{2785E86E-0174-4EB3-8160-219A75E17155}.Debug|iPhone.ActiveCfg = Debug|Any CPU
		{2785E86E-0174-4EB3-8160-219A75E17155}.Debug|iPhone.Build.0 = Debug|Any CPU
		{2785E86E-0174-4EB3-8160-219A75E17155}.Debug|iPhoneSimulator.ActiveCfg = Debug|Any CPU
		{2785E86E-0174-4EB3-8160-219A75E17155}.Debug|iPhoneSimulator.Build.0 = Debug|Any CPU
		{2785E86E-0174-4EB3-8160-219A75E17155}.Debug|x64.ActiveCfg = Debug|Any CPU
		{2785E86E-0174-4EB3-8160-219A75E17155}.Debug|x64.Build.0 = Debug|Any CPU
		{2785E86E-0174-4EB3-8160-219A75E17155}.Debug|x86.ActiveCfg = Debug|Any CPU
		{2785E86E-0174-4EB3-8160-219A75E17155}.Debug|x86.Build.0 = Debug|Any CPU
		{2785E86E-0174-4EB3-8160-219A75E17155}.Release|Any CPU.ActiveCfg = Release|Any CPU
		{2785E86E-0174-4EB3-8160-219A75E17155}.Release|Any CPU.Build.0 = Release|Any CPU
		{2785E86E-0174-4EB3-8160-219A75E17155}.Release|ARM.ActiveCfg = Release|Any CPU
		{2785E86E-0174-4EB3-8160-219A75E17155}.Release|ARM.Build.0 = Release|Any CPU
		{2785E86E-0174-4EB3-8160-219A75E17155}.Release|iPhone.ActiveCfg = Release|Any CPU
		{2785E86E-0174-4EB3-8160-219A75E17155}.Release|iPhone.Build.0 = Release|Any CPU
		{2785E86E-0174-4EB3-8160-219A75E17155}.Release|iPhoneSimulator.ActiveCfg = Release|Any CPU
		{2785E86E-0174-4EB3-8160-219A75E17155}.Release|iPhoneSimulator.Build.0 = Release|Any CPU
		{2785E86E-0174-4EB3-8160-219A75E17155}.Release|x64.ActiveCfg = Release|Any CPU
		{2785E86E-0174-4EB3-8160-219A75E17155}.Release|x64.Build.0 = Release|Any CPU
		{2785E86E-0174-4EB3-8160-219A75E17155}.Release|x86.ActiveCfg = Release|Any CPU
		{2785E86E-0174-4EB3-8160-219A75E17155}.Release|x86.Build.0 = Release|Any CPU
		{11F8C63C-C82B-4D73-AC99-328EA3991A1F}.Ad-Hoc|Any CPU.ActiveCfg = Debug|Any CPU
		{11F8C63C-C82B-4D73-AC99-328EA3991A1F}.Ad-Hoc|Any CPU.Build.0 = Debug|Any CPU
		{11F8C63C-C82B-4D73-AC99-328EA3991A1F}.Ad-Hoc|ARM.ActiveCfg = Debug|Any CPU
		{11F8C63C-C82B-4D73-AC99-328EA3991A1F}.Ad-Hoc|ARM.Build.0 = Debug|Any CPU
		{11F8C63C-C82B-4D73-AC99-328EA3991A1F}.Ad-Hoc|iPhone.ActiveCfg = Debug|Any CPU
		{11F8C63C-C82B-4D73-AC99-328EA3991A1F}.Ad-Hoc|iPhone.Build.0 = Debug|Any CPU
		{11F8C63C-C82B-4D73-AC99-328EA3991A1F}.Ad-Hoc|iPhoneSimulator.ActiveCfg = Debug|Any CPU
		{11F8C63C-C82B-4D73-AC99-328EA3991A1F}.Ad-Hoc|iPhoneSimulator.Build.0 = Debug|Any CPU
		{11F8C63C-C82B-4D73-AC99-328EA3991A1F}.Ad-Hoc|x64.ActiveCfg = Debug|Any CPU
		{11F8C63C-C82B-4D73-AC99-328EA3991A1F}.Ad-Hoc|x64.Build.0 = Debug|Any CPU
		{11F8C63C-C82B-4D73-AC99-328EA3991A1F}.Ad-Hoc|x86.ActiveCfg = Debug|Any CPU
		{11F8C63C-C82B-4D73-AC99-328EA3991A1F}.Ad-Hoc|x86.Build.0 = Debug|Any CPU
		{11F8C63C-C82B-4D73-AC99-328EA3991A1F}.AppStore|Any CPU.ActiveCfg = Debug|Any CPU
		{11F8C63C-C82B-4D73-AC99-328EA3991A1F}.AppStore|Any CPU.Build.0 = Debug|Any CPU
		{11F8C63C-C82B-4D73-AC99-328EA3991A1F}.AppStore|ARM.ActiveCfg = Debug|Any CPU
		{11F8C63C-C82B-4D73-AC99-328EA3991A1F}.AppStore|ARM.Build.0 = Debug|Any CPU
		{11F8C63C-C82B-4D73-AC99-328EA3991A1F}.AppStore|iPhone.ActiveCfg = Debug|Any CPU
		{11F8C63C-C82B-4D73-AC99-328EA3991A1F}.AppStore|iPhone.Build.0 = Debug|Any CPU
		{11F8C63C-C82B-4D73-AC99-328EA3991A1F}.AppStore|iPhoneSimulator.ActiveCfg = Debug|Any CPU
		{11F8C63C-C82B-4D73-AC99-328EA3991A1F}.AppStore|iPhoneSimulator.Build.0 = Debug|Any CPU
		{11F8C63C-C82B-4D73-AC99-328EA3991A1F}.AppStore|x64.ActiveCfg = Debug|Any CPU
		{11F8C63C-C82B-4D73-AC99-328EA3991A1F}.AppStore|x64.Build.0 = Debug|Any CPU
		{11F8C63C-C82B-4D73-AC99-328EA3991A1F}.AppStore|x86.ActiveCfg = Debug|Any CPU
		{11F8C63C-C82B-4D73-AC99-328EA3991A1F}.AppStore|x86.Build.0 = Debug|Any CPU
		{11F8C63C-C82B-4D73-AC99-328EA3991A1F}.Debug|Any CPU.ActiveCfg = Debug|Any CPU
		{11F8C63C-C82B-4D73-AC99-328EA3991A1F}.Debug|Any CPU.Build.0 = Debug|Any CPU
		{11F8C63C-C82B-4D73-AC99-328EA3991A1F}.Debug|ARM.ActiveCfg = Debug|Any CPU
		{11F8C63C-C82B-4D73-AC99-328EA3991A1F}.Debug|ARM.Build.0 = Debug|Any CPU
		{11F8C63C-C82B-4D73-AC99-328EA3991A1F}.Debug|iPhone.ActiveCfg = Debug|Any CPU
		{11F8C63C-C82B-4D73-AC99-328EA3991A1F}.Debug|iPhone.Build.0 = Debug|Any CPU
		{11F8C63C-C82B-4D73-AC99-328EA3991A1F}.Debug|iPhoneSimulator.ActiveCfg = Debug|Any CPU
		{11F8C63C-C82B-4D73-AC99-328EA3991A1F}.Debug|iPhoneSimulator.Build.0 = Debug|Any CPU
		{11F8C63C-C82B-4D73-AC99-328EA3991A1F}.Debug|x64.ActiveCfg = Debug|Any CPU
		{11F8C63C-C82B-4D73-AC99-328EA3991A1F}.Debug|x64.Build.0 = Debug|Any CPU
		{11F8C63C-C82B-4D73-AC99-328EA3991A1F}.Debug|x86.ActiveCfg = Debug|Any CPU
		{11F8C63C-C82B-4D73-AC99-328EA3991A1F}.Debug|x86.Build.0 = Debug|Any CPU
		{11F8C63C-C82B-4D73-AC99-328EA3991A1F}.Release|Any CPU.ActiveCfg = Release|Any CPU
		{11F8C63C-C82B-4D73-AC99-328EA3991A1F}.Release|Any CPU.Build.0 = Release|Any CPU
		{11F8C63C-C82B-4D73-AC99-328EA3991A1F}.Release|ARM.ActiveCfg = Release|Any CPU
		{11F8C63C-C82B-4D73-AC99-328EA3991A1F}.Release|ARM.Build.0 = Release|Any CPU
		{11F8C63C-C82B-4D73-AC99-328EA3991A1F}.Release|iPhone.ActiveCfg = Release|Any CPU
		{11F8C63C-C82B-4D73-AC99-328EA3991A1F}.Release|iPhone.Build.0 = Release|Any CPU
		{11F8C63C-C82B-4D73-AC99-328EA3991A1F}.Release|iPhoneSimulator.ActiveCfg = Release|Any CPU
		{11F8C63C-C82B-4D73-AC99-328EA3991A1F}.Release|iPhoneSimulator.Build.0 = Release|Any CPU
		{11F8C63C-C82B-4D73-AC99-328EA3991A1F}.Release|x64.ActiveCfg = Release|Any CPU
		{11F8C63C-C82B-4D73-AC99-328EA3991A1F}.Release|x64.Build.0 = Release|Any CPU
		{11F8C63C-C82B-4D73-AC99-328EA3991A1F}.Release|x86.ActiveCfg = Release|Any CPU
		{11F8C63C-C82B-4D73-AC99-328EA3991A1F}.Release|x86.Build.0 = Release|Any CPU
		{3A3DD70F-6FDF-4E6D-9992-0BBABF665A44}.Ad-Hoc|Any CPU.ActiveCfg = Debug|Any CPU
		{3A3DD70F-6FDF-4E6D-9992-0BBABF665A44}.Ad-Hoc|Any CPU.Build.0 = Debug|Any CPU
		{3A3DD70F-6FDF-4E6D-9992-0BBABF665A44}.Ad-Hoc|ARM.ActiveCfg = Debug|Any CPU
		{3A3DD70F-6FDF-4E6D-9992-0BBABF665A44}.Ad-Hoc|ARM.Build.0 = Debug|Any CPU
		{3A3DD70F-6FDF-4E6D-9992-0BBABF665A44}.Ad-Hoc|iPhone.ActiveCfg = Debug|Any CPU
		{3A3DD70F-6FDF-4E6D-9992-0BBABF665A44}.Ad-Hoc|iPhone.Build.0 = Debug|Any CPU
		{3A3DD70F-6FDF-4E6D-9992-0BBABF665A44}.Ad-Hoc|iPhoneSimulator.ActiveCfg = Debug|Any CPU
		{3A3DD70F-6FDF-4E6D-9992-0BBABF665A44}.Ad-Hoc|iPhoneSimulator.Build.0 = Debug|Any CPU
		{3A3DD70F-6FDF-4E6D-9992-0BBABF665A44}.Ad-Hoc|x64.ActiveCfg = Debug|Any CPU
		{3A3DD70F-6FDF-4E6D-9992-0BBABF665A44}.Ad-Hoc|x64.Build.0 = Debug|Any CPU
		{3A3DD70F-6FDF-4E6D-9992-0BBABF665A44}.Ad-Hoc|x86.ActiveCfg = Debug|Any CPU
		{3A3DD70F-6FDF-4E6D-9992-0BBABF665A44}.Ad-Hoc|x86.Build.0 = Debug|Any CPU
		{3A3DD70F-6FDF-4E6D-9992-0BBABF665A44}.AppStore|Any CPU.ActiveCfg = Debug|Any CPU
		{3A3DD70F-6FDF-4E6D-9992-0BBABF665A44}.AppStore|Any CPU.Build.0 = Debug|Any CPU
		{3A3DD70F-6FDF-4E6D-9992-0BBABF665A44}.AppStore|ARM.ActiveCfg = Debug|Any CPU
		{3A3DD70F-6FDF-4E6D-9992-0BBABF665A44}.AppStore|ARM.Build.0 = Debug|Any CPU
		{3A3DD70F-6FDF-4E6D-9992-0BBABF665A44}.AppStore|iPhone.ActiveCfg = Debug|Any CPU
		{3A3DD70F-6FDF-4E6D-9992-0BBABF665A44}.AppStore|iPhone.Build.0 = Debug|Any CPU
		{3A3DD70F-6FDF-4E6D-9992-0BBABF665A44}.AppStore|iPhoneSimulator.ActiveCfg = Debug|Any CPU
		{3A3DD70F-6FDF-4E6D-9992-0BBABF665A44}.AppStore|iPhoneSimulator.Build.0 = Debug|Any CPU
		{3A3DD70F-6FDF-4E6D-9992-0BBABF665A44}.AppStore|x64.ActiveCfg = Debug|Any CPU
		{3A3DD70F-6FDF-4E6D-9992-0BBABF665A44}.AppStore|x64.Build.0 = Debug|Any CPU
		{3A3DD70F-6FDF-4E6D-9992-0BBABF665A44}.AppStore|x86.ActiveCfg = Debug|Any CPU
		{3A3DD70F-6FDF-4E6D-9992-0BBABF665A44}.AppStore|x86.Build.0 = Debug|Any CPU
		{3A3DD70F-6FDF-4E6D-9992-0BBABF665A44}.Debug|Any CPU.ActiveCfg = Debug|Any CPU
		{3A3DD70F-6FDF-4E6D-9992-0BBABF665A44}.Debug|Any CPU.Build.0 = Debug|Any CPU
		{3A3DD70F-6FDF-4E6D-9992-0BBABF665A44}.Debug|ARM.ActiveCfg = Debug|Any CPU
		{3A3DD70F-6FDF-4E6D-9992-0BBABF665A44}.Debug|ARM.Build.0 = Debug|Any CPU
		{3A3DD70F-6FDF-4E6D-9992-0BBABF665A44}.Debug|iPhone.ActiveCfg = Debug|Any CPU
		{3A3DD70F-6FDF-4E6D-9992-0BBABF665A44}.Debug|iPhone.Build.0 = Debug|Any CPU
		{3A3DD70F-6FDF-4E6D-9992-0BBABF665A44}.Debug|iPhoneSimulator.ActiveCfg = Debug|Any CPU
		{3A3DD70F-6FDF-4E6D-9992-0BBABF665A44}.Debug|iPhoneSimulator.Build.0 = Debug|Any CPU
		{3A3DD70F-6FDF-4E6D-9992-0BBABF665A44}.Debug|x64.ActiveCfg = Debug|Any CPU
		{3A3DD70F-6FDF-4E6D-9992-0BBABF665A44}.Debug|x64.Build.0 = Debug|Any CPU
		{3A3DD70F-6FDF-4E6D-9992-0BBABF665A44}.Debug|x86.ActiveCfg = Debug|Any CPU
		{3A3DD70F-6FDF-4E6D-9992-0BBABF665A44}.Debug|x86.Build.0 = Debug|Any CPU
		{3A3DD70F-6FDF-4E6D-9992-0BBABF665A44}.Release|Any CPU.ActiveCfg = Release|Any CPU
		{3A3DD70F-6FDF-4E6D-9992-0BBABF665A44}.Release|Any CPU.Build.0 = Release|Any CPU
		{3A3DD70F-6FDF-4E6D-9992-0BBABF665A44}.Release|ARM.ActiveCfg = Release|Any CPU
		{3A3DD70F-6FDF-4E6D-9992-0BBABF665A44}.Release|ARM.Build.0 = Release|Any CPU
		{3A3DD70F-6FDF-4E6D-9992-0BBABF665A44}.Release|iPhone.ActiveCfg = Release|Any CPU
		{3A3DD70F-6FDF-4E6D-9992-0BBABF665A44}.Release|iPhone.Build.0 = Release|Any CPU
		{3A3DD70F-6FDF-4E6D-9992-0BBABF665A44}.Release|iPhoneSimulator.ActiveCfg = Release|Any CPU
		{3A3DD70F-6FDF-4E6D-9992-0BBABF665A44}.Release|iPhoneSimulator.Build.0 = Release|Any CPU
		{3A3DD70F-6FDF-4E6D-9992-0BBABF665A44}.Release|x64.ActiveCfg = Release|Any CPU
		{3A3DD70F-6FDF-4E6D-9992-0BBABF665A44}.Release|x64.Build.0 = Release|Any CPU
		{3A3DD70F-6FDF-4E6D-9992-0BBABF665A44}.Release|x86.ActiveCfg = Release|Any CPU
		{3A3DD70F-6FDF-4E6D-9992-0BBABF665A44}.Release|x86.Build.0 = Release|Any CPU
		{60B4C855-1003-478B-A32D-61F1CB1F4C1C}.Ad-Hoc|Any CPU.ActiveCfg = Debug|Any CPU
		{60B4C855-1003-478B-A32D-61F1CB1F4C1C}.Ad-Hoc|Any CPU.Build.0 = Debug|Any CPU
		{60B4C855-1003-478B-A32D-61F1CB1F4C1C}.Ad-Hoc|ARM.ActiveCfg = Debug|Any CPU
		{60B4C855-1003-478B-A32D-61F1CB1F4C1C}.Ad-Hoc|ARM.Build.0 = Debug|Any CPU
		{60B4C855-1003-478B-A32D-61F1CB1F4C1C}.Ad-Hoc|iPhone.ActiveCfg = Debug|Any CPU
		{60B4C855-1003-478B-A32D-61F1CB1F4C1C}.Ad-Hoc|iPhone.Build.0 = Debug|Any CPU
		{60B4C855-1003-478B-A32D-61F1CB1F4C1C}.Ad-Hoc|iPhoneSimulator.ActiveCfg = Debug|Any CPU
		{60B4C855-1003-478B-A32D-61F1CB1F4C1C}.Ad-Hoc|iPhoneSimulator.Build.0 = Debug|Any CPU
		{60B4C855-1003-478B-A32D-61F1CB1F4C1C}.Ad-Hoc|x64.ActiveCfg = Debug|Any CPU
		{60B4C855-1003-478B-A32D-61F1CB1F4C1C}.Ad-Hoc|x64.Build.0 = Debug|Any CPU
		{60B4C855-1003-478B-A32D-61F1CB1F4C1C}.Ad-Hoc|x86.ActiveCfg = Debug|Any CPU
		{60B4C855-1003-478B-A32D-61F1CB1F4C1C}.Ad-Hoc|x86.Build.0 = Debug|Any CPU
		{60B4C855-1003-478B-A32D-61F1CB1F4C1C}.AppStore|Any CPU.ActiveCfg = Debug|Any CPU
		{60B4C855-1003-478B-A32D-61F1CB1F4C1C}.AppStore|Any CPU.Build.0 = Debug|Any CPU
		{60B4C855-1003-478B-A32D-61F1CB1F4C1C}.AppStore|ARM.ActiveCfg = Debug|Any CPU
		{60B4C855-1003-478B-A32D-61F1CB1F4C1C}.AppStore|ARM.Build.0 = Debug|Any CPU
		{60B4C855-1003-478B-A32D-61F1CB1F4C1C}.AppStore|iPhone.ActiveCfg = Debug|Any CPU
		{60B4C855-1003-478B-A32D-61F1CB1F4C1C}.AppStore|iPhone.Build.0 = Debug|Any CPU
		{60B4C855-1003-478B-A32D-61F1CB1F4C1C}.AppStore|iPhoneSimulator.ActiveCfg = Debug|Any CPU
		{60B4C855-1003-478B-A32D-61F1CB1F4C1C}.AppStore|iPhoneSimulator.Build.0 = Debug|Any CPU
		{60B4C855-1003-478B-A32D-61F1CB1F4C1C}.AppStore|x64.ActiveCfg = Debug|Any CPU
		{60B4C855-1003-478B-A32D-61F1CB1F4C1C}.AppStore|x64.Build.0 = Debug|Any CPU
		{60B4C855-1003-478B-A32D-61F1CB1F4C1C}.AppStore|x86.ActiveCfg = Debug|Any CPU
		{60B4C855-1003-478B-A32D-61F1CB1F4C1C}.AppStore|x86.Build.0 = Debug|Any CPU
		{60B4C855-1003-478B-A32D-61F1CB1F4C1C}.Debug|Any CPU.ActiveCfg = Debug|Any CPU
		{60B4C855-1003-478B-A32D-61F1CB1F4C1C}.Debug|Any CPU.Build.0 = Debug|Any CPU
		{60B4C855-1003-478B-A32D-61F1CB1F4C1C}.Debug|ARM.ActiveCfg = Debug|Any CPU
		{60B4C855-1003-478B-A32D-61F1CB1F4C1C}.Debug|ARM.Build.0 = Debug|Any CPU
		{60B4C855-1003-478B-A32D-61F1CB1F4C1C}.Debug|iPhone.ActiveCfg = Debug|Any CPU
		{60B4C855-1003-478B-A32D-61F1CB1F4C1C}.Debug|iPhone.Build.0 = Debug|Any CPU
		{60B4C855-1003-478B-A32D-61F1CB1F4C1C}.Debug|iPhoneSimulator.ActiveCfg = Debug|Any CPU
		{60B4C855-1003-478B-A32D-61F1CB1F4C1C}.Debug|iPhoneSimulator.Build.0 = Debug|Any CPU
		{60B4C855-1003-478B-A32D-61F1CB1F4C1C}.Debug|x64.ActiveCfg = Debug|Any CPU
		{60B4C855-1003-478B-A32D-61F1CB1F4C1C}.Debug|x64.Build.0 = Debug|Any CPU
		{60B4C855-1003-478B-A32D-61F1CB1F4C1C}.Debug|x86.ActiveCfg = Debug|Any CPU
		{60B4C855-1003-478B-A32D-61F1CB1F4C1C}.Debug|x86.Build.0 = Debug|Any CPU
		{60B4C855-1003-478B-A32D-61F1CB1F4C1C}.Release|Any CPU.ActiveCfg = Release|Any CPU
		{60B4C855-1003-478B-A32D-61F1CB1F4C1C}.Release|Any CPU.Build.0 = Release|Any CPU
		{60B4C855-1003-478B-A32D-61F1CB1F4C1C}.Release|ARM.ActiveCfg = Release|Any CPU
		{60B4C855-1003-478B-A32D-61F1CB1F4C1C}.Release|ARM.Build.0 = Release|Any CPU
		{60B4C855-1003-478B-A32D-61F1CB1F4C1C}.Release|iPhone.ActiveCfg = Release|Any CPU
		{60B4C855-1003-478B-A32D-61F1CB1F4C1C}.Release|iPhone.Build.0 = Release|Any CPU
		{60B4C855-1003-478B-A32D-61F1CB1F4C1C}.Release|iPhoneSimulator.ActiveCfg = Release|Any CPU
		{60B4C855-1003-478B-A32D-61F1CB1F4C1C}.Release|iPhoneSimulator.Build.0 = Release|Any CPU
		{60B4C855-1003-478B-A32D-61F1CB1F4C1C}.Release|x64.ActiveCfg = Release|Any CPU
		{60B4C855-1003-478B-A32D-61F1CB1F4C1C}.Release|x64.Build.0 = Release|Any CPU
		{60B4C855-1003-478B-A32D-61F1CB1F4C1C}.Release|x86.ActiveCfg = Release|Any CPU
		{60B4C855-1003-478B-A32D-61F1CB1F4C1C}.Release|x86.Build.0 = Release|Any CPU
		{15371BE7-C46D-40AE-BEF1-8F44497E696D}.Ad-Hoc|Any CPU.ActiveCfg = Debug|Any CPU
		{15371BE7-C46D-40AE-BEF1-8F44497E696D}.Ad-Hoc|Any CPU.Build.0 = Debug|Any CPU
		{15371BE7-C46D-40AE-BEF1-8F44497E696D}.Ad-Hoc|ARM.ActiveCfg = Debug|ARM
		{15371BE7-C46D-40AE-BEF1-8F44497E696D}.Ad-Hoc|ARM.Build.0 = Debug|ARM
		{15371BE7-C46D-40AE-BEF1-8F44497E696D}.Ad-Hoc|iPhone.ActiveCfg = Debug|Any CPU
		{15371BE7-C46D-40AE-BEF1-8F44497E696D}.Ad-Hoc|iPhone.Build.0 = Debug|Any CPU
		{15371BE7-C46D-40AE-BEF1-8F44497E696D}.Ad-Hoc|iPhoneSimulator.ActiveCfg = Debug|Any CPU
		{15371BE7-C46D-40AE-BEF1-8F44497E696D}.Ad-Hoc|iPhoneSimulator.Build.0 = Debug|Any CPU
		{15371BE7-C46D-40AE-BEF1-8F44497E696D}.Ad-Hoc|x64.ActiveCfg = Debug|x64
		{15371BE7-C46D-40AE-BEF1-8F44497E696D}.Ad-Hoc|x64.Build.0 = Debug|x64
		{15371BE7-C46D-40AE-BEF1-8F44497E696D}.Ad-Hoc|x86.ActiveCfg = Debug|x86
		{15371BE7-C46D-40AE-BEF1-8F44497E696D}.Ad-Hoc|x86.Build.0 = Debug|x86
		{15371BE7-C46D-40AE-BEF1-8F44497E696D}.AppStore|Any CPU.ActiveCfg = Debug|Any CPU
		{15371BE7-C46D-40AE-BEF1-8F44497E696D}.AppStore|Any CPU.Build.0 = Debug|Any CPU
		{15371BE7-C46D-40AE-BEF1-8F44497E696D}.AppStore|ARM.ActiveCfg = Debug|ARM
		{15371BE7-C46D-40AE-BEF1-8F44497E696D}.AppStore|ARM.Build.0 = Debug|ARM
		{15371BE7-C46D-40AE-BEF1-8F44497E696D}.AppStore|iPhone.ActiveCfg = Debug|Any CPU
		{15371BE7-C46D-40AE-BEF1-8F44497E696D}.AppStore|iPhone.Build.0 = Debug|Any CPU
		{15371BE7-C46D-40AE-BEF1-8F44497E696D}.AppStore|iPhoneSimulator.ActiveCfg = Debug|Any CPU
		{15371BE7-C46D-40AE-BEF1-8F44497E696D}.AppStore|iPhoneSimulator.Build.0 = Debug|Any CPU
		{15371BE7-C46D-40AE-BEF1-8F44497E696D}.AppStore|x64.ActiveCfg = Debug|x64
		{15371BE7-C46D-40AE-BEF1-8F44497E696D}.AppStore|x64.Build.0 = Debug|x64
		{15371BE7-C46D-40AE-BEF1-8F44497E696D}.AppStore|x86.ActiveCfg = Debug|x86
		{15371BE7-C46D-40AE-BEF1-8F44497E696D}.AppStore|x86.Build.0 = Debug|x86
		{15371BE7-C46D-40AE-BEF1-8F44497E696D}.Debug|Any CPU.ActiveCfg = Debug|Any CPU
		{15371BE7-C46D-40AE-BEF1-8F44497E696D}.Debug|Any CPU.Build.0 = Debug|Any CPU
		{15371BE7-C46D-40AE-BEF1-8F44497E696D}.Debug|ARM.ActiveCfg = Debug|ARM
		{15371BE7-C46D-40AE-BEF1-8F44497E696D}.Debug|ARM.Build.0 = Debug|ARM
		{15371BE7-C46D-40AE-BEF1-8F44497E696D}.Debug|iPhone.ActiveCfg = Debug|Any CPU
		{15371BE7-C46D-40AE-BEF1-8F44497E696D}.Debug|iPhone.Build.0 = Debug|Any CPU
		{15371BE7-C46D-40AE-BEF1-8F44497E696D}.Debug|iPhoneSimulator.ActiveCfg = Debug|Any CPU
		{15371BE7-C46D-40AE-BEF1-8F44497E696D}.Debug|iPhoneSimulator.Build.0 = Debug|Any CPU
		{15371BE7-C46D-40AE-BEF1-8F44497E696D}.Debug|x64.ActiveCfg = Debug|x64
		{15371BE7-C46D-40AE-BEF1-8F44497E696D}.Debug|x64.Build.0 = Debug|x64
		{15371BE7-C46D-40AE-BEF1-8F44497E696D}.Debug|x86.ActiveCfg = Debug|x86
		{15371BE7-C46D-40AE-BEF1-8F44497E696D}.Debug|x86.Build.0 = Debug|x86
		{15371BE7-C46D-40AE-BEF1-8F44497E696D}.Release|Any CPU.ActiveCfg = Release|Any CPU
		{15371BE7-C46D-40AE-BEF1-8F44497E696D}.Release|Any CPU.Build.0 = Release|Any CPU
		{15371BE7-C46D-40AE-BEF1-8F44497E696D}.Release|ARM.ActiveCfg = Release|ARM
		{15371BE7-C46D-40AE-BEF1-8F44497E696D}.Release|ARM.Build.0 = Release|ARM
		{15371BE7-C46D-40AE-BEF1-8F44497E696D}.Release|iPhone.ActiveCfg = Release|Any CPU
		{15371BE7-C46D-40AE-BEF1-8F44497E696D}.Release|iPhone.Build.0 = Release|Any CPU
		{15371BE7-C46D-40AE-BEF1-8F44497E696D}.Release|iPhoneSimulator.ActiveCfg = Release|Any CPU
		{15371BE7-C46D-40AE-BEF1-8F44497E696D}.Release|iPhoneSimulator.Build.0 = Release|Any CPU
		{15371BE7-C46D-40AE-BEF1-8F44497E696D}.Release|x64.ActiveCfg = Release|x64
		{15371BE7-C46D-40AE-BEF1-8F44497E696D}.Release|x64.Build.0 = Release|x64
		{15371BE7-C46D-40AE-BEF1-8F44497E696D}.Release|x86.ActiveCfg = Release|x86
		{15371BE7-C46D-40AE-BEF1-8F44497E696D}.Release|x86.Build.0 = Release|x86
		{95B53D2B-C4D7-44A1-B8FD-35078676AB60}.Ad-Hoc|Any CPU.ActiveCfg = Debug|Any CPU
		{95B53D2B-C4D7-44A1-B8FD-35078676AB60}.Ad-Hoc|Any CPU.Build.0 = Debug|Any CPU
		{95B53D2B-C4D7-44A1-B8FD-35078676AB60}.Ad-Hoc|ARM.ActiveCfg = Debug|Any CPU
		{95B53D2B-C4D7-44A1-B8FD-35078676AB60}.Ad-Hoc|ARM.Build.0 = Debug|Any CPU
		{95B53D2B-C4D7-44A1-B8FD-35078676AB60}.Ad-Hoc|iPhone.ActiveCfg = Debug|Any CPU
		{95B53D2B-C4D7-44A1-B8FD-35078676AB60}.Ad-Hoc|iPhone.Build.0 = Debug|Any CPU
		{95B53D2B-C4D7-44A1-B8FD-35078676AB60}.Ad-Hoc|iPhoneSimulator.ActiveCfg = Debug|Any CPU
		{95B53D2B-C4D7-44A1-B8FD-35078676AB60}.Ad-Hoc|iPhoneSimulator.Build.0 = Debug|Any CPU
		{95B53D2B-C4D7-44A1-B8FD-35078676AB60}.Ad-Hoc|x64.ActiveCfg = Debug|Any CPU
		{95B53D2B-C4D7-44A1-B8FD-35078676AB60}.Ad-Hoc|x64.Build.0 = Debug|Any CPU
		{95B53D2B-C4D7-44A1-B8FD-35078676AB60}.Ad-Hoc|x86.ActiveCfg = Debug|Any CPU
		{95B53D2B-C4D7-44A1-B8FD-35078676AB60}.Ad-Hoc|x86.Build.0 = Debug|Any CPU
		{95B53D2B-C4D7-44A1-B8FD-35078676AB60}.AppStore|Any CPU.ActiveCfg = Debug|Any CPU
		{95B53D2B-C4D7-44A1-B8FD-35078676AB60}.AppStore|Any CPU.Build.0 = Debug|Any CPU
		{95B53D2B-C4D7-44A1-B8FD-35078676AB60}.AppStore|ARM.ActiveCfg = Debug|Any CPU
		{95B53D2B-C4D7-44A1-B8FD-35078676AB60}.AppStore|ARM.Build.0 = Debug|Any CPU
		{95B53D2B-C4D7-44A1-B8FD-35078676AB60}.AppStore|iPhone.ActiveCfg = Debug|Any CPU
		{95B53D2B-C4D7-44A1-B8FD-35078676AB60}.AppStore|iPhone.Build.0 = Debug|Any CPU
		{95B53D2B-C4D7-44A1-B8FD-35078676AB60}.AppStore|iPhoneSimulator.ActiveCfg = Debug|Any CPU
		{95B53D2B-C4D7-44A1-B8FD-35078676AB60}.AppStore|iPhoneSimulator.Build.0 = Debug|Any CPU
		{95B53D2B-C4D7-44A1-B8FD-35078676AB60}.AppStore|x64.ActiveCfg = Debug|Any CPU
		{95B53D2B-C4D7-44A1-B8FD-35078676AB60}.AppStore|x64.Build.0 = Debug|Any CPU
		{95B53D2B-C4D7-44A1-B8FD-35078676AB60}.AppStore|x86.ActiveCfg = Debug|Any CPU
		{95B53D2B-C4D7-44A1-B8FD-35078676AB60}.AppStore|x86.Build.0 = Debug|Any CPU
		{95B53D2B-C4D7-44A1-B8FD-35078676AB60}.Debug|Any CPU.ActiveCfg = Debug|Any CPU
		{95B53D2B-C4D7-44A1-B8FD-35078676AB60}.Debug|Any CPU.Build.0 = Debug|Any CPU
		{95B53D2B-C4D7-44A1-B8FD-35078676AB60}.Debug|ARM.ActiveCfg = Debug|Any CPU
		{95B53D2B-C4D7-44A1-B8FD-35078676AB60}.Debug|ARM.Build.0 = Debug|Any CPU
		{95B53D2B-C4D7-44A1-B8FD-35078676AB60}.Debug|iPhone.ActiveCfg = Debug|Any CPU
		{95B53D2B-C4D7-44A1-B8FD-35078676AB60}.Debug|iPhone.Build.0 = Debug|Any CPU
		{95B53D2B-C4D7-44A1-B8FD-35078676AB60}.Debug|iPhoneSimulator.ActiveCfg = Debug|Any CPU
		{95B53D2B-C4D7-44A1-B8FD-35078676AB60}.Debug|iPhoneSimulator.Build.0 = Debug|Any CPU
		{95B53D2B-C4D7-44A1-B8FD-35078676AB60}.Debug|x64.ActiveCfg = Debug|Any CPU
		{95B53D2B-C4D7-44A1-B8FD-35078676AB60}.Debug|x64.Build.0 = Debug|Any CPU
		{95B53D2B-C4D7-44A1-B8FD-35078676AB60}.Debug|x86.ActiveCfg = Debug|Any CPU
		{95B53D2B-C4D7-44A1-B8FD-35078676AB60}.Debug|x86.Build.0 = Debug|Any CPU
		{95B53D2B-C4D7-44A1-B8FD-35078676AB60}.Release|Any CPU.ActiveCfg = Release|Any CPU
		{95B53D2B-C4D7-44A1-B8FD-35078676AB60}.Release|Any CPU.Build.0 = Release|Any CPU
		{95B53D2B-C4D7-44A1-B8FD-35078676AB60}.Release|ARM.ActiveCfg = Release|Any CPU
		{95B53D2B-C4D7-44A1-B8FD-35078676AB60}.Release|ARM.Build.0 = Release|Any CPU
		{95B53D2B-C4D7-44A1-B8FD-35078676AB60}.Release|iPhone.ActiveCfg = Release|Any CPU
		{95B53D2B-C4D7-44A1-B8FD-35078676AB60}.Release|iPhone.Build.0 = Release|Any CPU
		{95B53D2B-C4D7-44A1-B8FD-35078676AB60}.Release|iPhoneSimulator.ActiveCfg = Release|Any CPU
		{95B53D2B-C4D7-44A1-B8FD-35078676AB60}.Release|iPhoneSimulator.Build.0 = Release|Any CPU
		{95B53D2B-C4D7-44A1-B8FD-35078676AB60}.Release|x64.ActiveCfg = Release|Any CPU
		{95B53D2B-C4D7-44A1-B8FD-35078676AB60}.Release|x64.Build.0 = Release|Any CPU
		{95B53D2B-C4D7-44A1-B8FD-35078676AB60}.Release|x86.ActiveCfg = Release|Any CPU
		{95B53D2B-C4D7-44A1-B8FD-35078676AB60}.Release|x86.Build.0 = Release|Any CPU
		{BB8A66D6-2E6A-4208-87D4-1AFB3EE58AFF}.Ad-Hoc|Any CPU.ActiveCfg = Debug|Any CPU
		{BB8A66D6-2E6A-4208-87D4-1AFB3EE58AFF}.Ad-Hoc|Any CPU.Build.0 = Debug|Any CPU
		{BB8A66D6-2E6A-4208-87D4-1AFB3EE58AFF}.Ad-Hoc|ARM.ActiveCfg = Debug|Any CPU
		{BB8A66D6-2E6A-4208-87D4-1AFB3EE58AFF}.Ad-Hoc|ARM.Build.0 = Debug|Any CPU
		{BB8A66D6-2E6A-4208-87D4-1AFB3EE58AFF}.Ad-Hoc|iPhone.ActiveCfg = Debug|Any CPU
		{BB8A66D6-2E6A-4208-87D4-1AFB3EE58AFF}.Ad-Hoc|iPhone.Build.0 = Debug|Any CPU
		{BB8A66D6-2E6A-4208-87D4-1AFB3EE58AFF}.Ad-Hoc|iPhoneSimulator.ActiveCfg = Debug|Any CPU
		{BB8A66D6-2E6A-4208-87D4-1AFB3EE58AFF}.Ad-Hoc|iPhoneSimulator.Build.0 = Debug|Any CPU
		{BB8A66D6-2E6A-4208-87D4-1AFB3EE58AFF}.Ad-Hoc|x64.ActiveCfg = Debug|Any CPU
		{BB8A66D6-2E6A-4208-87D4-1AFB3EE58AFF}.Ad-Hoc|x64.Build.0 = Debug|Any CPU
		{BB8A66D6-2E6A-4208-87D4-1AFB3EE58AFF}.Ad-Hoc|x86.ActiveCfg = Debug|Any CPU
		{BB8A66D6-2E6A-4208-87D4-1AFB3EE58AFF}.Ad-Hoc|x86.Build.0 = Debug|Any CPU
		{BB8A66D6-2E6A-4208-87D4-1AFB3EE58AFF}.AppStore|Any CPU.ActiveCfg = Debug|Any CPU
		{BB8A66D6-2E6A-4208-87D4-1AFB3EE58AFF}.AppStore|Any CPU.Build.0 = Debug|Any CPU
		{BB8A66D6-2E6A-4208-87D4-1AFB3EE58AFF}.AppStore|ARM.ActiveCfg = Debug|Any CPU
		{BB8A66D6-2E6A-4208-87D4-1AFB3EE58AFF}.AppStore|ARM.Build.0 = Debug|Any CPU
		{BB8A66D6-2E6A-4208-87D4-1AFB3EE58AFF}.AppStore|iPhone.ActiveCfg = Debug|Any CPU
		{BB8A66D6-2E6A-4208-87D4-1AFB3EE58AFF}.AppStore|iPhone.Build.0 = Debug|Any CPU
		{BB8A66D6-2E6A-4208-87D4-1AFB3EE58AFF}.AppStore|iPhoneSimulator.ActiveCfg = Debug|Any CPU
		{BB8A66D6-2E6A-4208-87D4-1AFB3EE58AFF}.AppStore|iPhoneSimulator.Build.0 = Debug|Any CPU
		{BB8A66D6-2E6A-4208-87D4-1AFB3EE58AFF}.AppStore|x64.ActiveCfg = Debug|Any CPU
		{BB8A66D6-2E6A-4208-87D4-1AFB3EE58AFF}.AppStore|x64.Build.0 = Debug|Any CPU
		{BB8A66D6-2E6A-4208-87D4-1AFB3EE58AFF}.AppStore|x86.ActiveCfg = Debug|Any CPU
		{BB8A66D6-2E6A-4208-87D4-1AFB3EE58AFF}.AppStore|x86.Build.0 = Debug|Any CPU
		{BB8A66D6-2E6A-4208-87D4-1AFB3EE58AFF}.Debug|Any CPU.ActiveCfg = Debug|Any CPU
		{BB8A66D6-2E6A-4208-87D4-1AFB3EE58AFF}.Debug|Any CPU.Build.0 = Debug|Any CPU
		{BB8A66D6-2E6A-4208-87D4-1AFB3EE58AFF}.Debug|ARM.ActiveCfg = Debug|Any CPU
		{BB8A66D6-2E6A-4208-87D4-1AFB3EE58AFF}.Debug|ARM.Build.0 = Debug|Any CPU
		{BB8A66D6-2E6A-4208-87D4-1AFB3EE58AFF}.Debug|iPhone.ActiveCfg = Debug|Any CPU
		{BB8A66D6-2E6A-4208-87D4-1AFB3EE58AFF}.Debug|iPhone.Build.0 = Debug|Any CPU
		{BB8A66D6-2E6A-4208-87D4-1AFB3EE58AFF}.Debug|iPhoneSimulator.ActiveCfg = Debug|Any CPU
		{BB8A66D6-2E6A-4208-87D4-1AFB3EE58AFF}.Debug|iPhoneSimulator.Build.0 = Debug|Any CPU
		{BB8A66D6-2E6A-4208-87D4-1AFB3EE58AFF}.Debug|x64.ActiveCfg = Debug|Any CPU
		{BB8A66D6-2E6A-4208-87D4-1AFB3EE58AFF}.Debug|x64.Build.0 = Debug|Any CPU
		{BB8A66D6-2E6A-4208-87D4-1AFB3EE58AFF}.Debug|x86.ActiveCfg = Debug|Any CPU
		{BB8A66D6-2E6A-4208-87D4-1AFB3EE58AFF}.Debug|x86.Build.0 = Debug|Any CPU
		{BB8A66D6-2E6A-4208-87D4-1AFB3EE58AFF}.Release|Any CPU.ActiveCfg = Release|Any CPU
		{BB8A66D6-2E6A-4208-87D4-1AFB3EE58AFF}.Release|Any CPU.Build.0 = Release|Any CPU
		{BB8A66D6-2E6A-4208-87D4-1AFB3EE58AFF}.Release|ARM.ActiveCfg = Release|Any CPU
		{BB8A66D6-2E6A-4208-87D4-1AFB3EE58AFF}.Release|ARM.Build.0 = Release|Any CPU
		{BB8A66D6-2E6A-4208-87D4-1AFB3EE58AFF}.Release|iPhone.ActiveCfg = Release|Any CPU
		{BB8A66D6-2E6A-4208-87D4-1AFB3EE58AFF}.Release|iPhone.Build.0 = Release|Any CPU
		{BB8A66D6-2E6A-4208-87D4-1AFB3EE58AFF}.Release|iPhoneSimulator.ActiveCfg = Release|Any CPU
		{BB8A66D6-2E6A-4208-87D4-1AFB3EE58AFF}.Release|iPhoneSimulator.Build.0 = Release|Any CPU
		{BB8A66D6-2E6A-4208-87D4-1AFB3EE58AFF}.Release|x64.ActiveCfg = Release|Any CPU
		{BB8A66D6-2E6A-4208-87D4-1AFB3EE58AFF}.Release|x64.Build.0 = Release|Any CPU
		{BB8A66D6-2E6A-4208-87D4-1AFB3EE58AFF}.Release|x86.ActiveCfg = Release|Any CPU
		{BB8A66D6-2E6A-4208-87D4-1AFB3EE58AFF}.Release|x86.Build.0 = Release|Any CPU
		{8A972481-D894-4673-8D5E-20E109C99891}.Ad-Hoc|Any CPU.ActiveCfg = Debug|Any CPU
		{8A972481-D894-4673-8D5E-20E109C99891}.Ad-Hoc|Any CPU.Build.0 = Debug|Any CPU
		{8A972481-D894-4673-8D5E-20E109C99891}.Ad-Hoc|ARM.ActiveCfg = Debug|Any CPU
		{8A972481-D894-4673-8D5E-20E109C99891}.Ad-Hoc|ARM.Build.0 = Debug|Any CPU
		{8A972481-D894-4673-8D5E-20E109C99891}.Ad-Hoc|iPhone.ActiveCfg = Debug|Any CPU
		{8A972481-D894-4673-8D5E-20E109C99891}.Ad-Hoc|iPhone.Build.0 = Debug|Any CPU
		{8A972481-D894-4673-8D5E-20E109C99891}.Ad-Hoc|iPhoneSimulator.ActiveCfg = Debug|Any CPU
		{8A972481-D894-4673-8D5E-20E109C99891}.Ad-Hoc|iPhoneSimulator.Build.0 = Debug|Any CPU
		{8A972481-D894-4673-8D5E-20E109C99891}.Ad-Hoc|x64.ActiveCfg = Debug|Any CPU
		{8A972481-D894-4673-8D5E-20E109C99891}.Ad-Hoc|x64.Build.0 = Debug|Any CPU
		{8A972481-D894-4673-8D5E-20E109C99891}.Ad-Hoc|x86.ActiveCfg = Debug|Any CPU
		{8A972481-D894-4673-8D5E-20E109C99891}.Ad-Hoc|x86.Build.0 = Debug|Any CPU
		{8A972481-D894-4673-8D5E-20E109C99891}.AppStore|Any CPU.ActiveCfg = Debug|Any CPU
		{8A972481-D894-4673-8D5E-20E109C99891}.AppStore|Any CPU.Build.0 = Debug|Any CPU
		{8A972481-D894-4673-8D5E-20E109C99891}.AppStore|ARM.ActiveCfg = Debug|Any CPU
		{8A972481-D894-4673-8D5E-20E109C99891}.AppStore|ARM.Build.0 = Debug|Any CPU
		{8A972481-D894-4673-8D5E-20E109C99891}.AppStore|iPhone.ActiveCfg = Debug|Any CPU
		{8A972481-D894-4673-8D5E-20E109C99891}.AppStore|iPhone.Build.0 = Debug|Any CPU
		{8A972481-D894-4673-8D5E-20E109C99891}.AppStore|iPhoneSimulator.ActiveCfg = Debug|Any CPU
		{8A972481-D894-4673-8D5E-20E109C99891}.AppStore|iPhoneSimulator.Build.0 = Debug|Any CPU
		{8A972481-D894-4673-8D5E-20E109C99891}.AppStore|x64.ActiveCfg = Debug|Any CPU
		{8A972481-D894-4673-8D5E-20E109C99891}.AppStore|x64.Build.0 = Debug|Any CPU
		{8A972481-D894-4673-8D5E-20E109C99891}.AppStore|x86.ActiveCfg = Debug|Any CPU
		{8A972481-D894-4673-8D5E-20E109C99891}.AppStore|x86.Build.0 = Debug|Any CPU
		{8A972481-D894-4673-8D5E-20E109C99891}.Debug|Any CPU.ActiveCfg = Debug|Any CPU
		{8A972481-D894-4673-8D5E-20E109C99891}.Debug|Any CPU.Build.0 = Debug|Any CPU
		{8A972481-D894-4673-8D5E-20E109C99891}.Debug|ARM.ActiveCfg = Debug|Any CPU
		{8A972481-D894-4673-8D5E-20E109C99891}.Debug|ARM.Build.0 = Debug|Any CPU
		{8A972481-D894-4673-8D5E-20E109C99891}.Debug|iPhone.ActiveCfg = Debug|Any CPU
		{8A972481-D894-4673-8D5E-20E109C99891}.Debug|iPhone.Build.0 = Debug|Any CPU
		{8A972481-D894-4673-8D5E-20E109C99891}.Debug|iPhoneSimulator.ActiveCfg = Debug|Any CPU
		{8A972481-D894-4673-8D5E-20E109C99891}.Debug|iPhoneSimulator.Build.0 = Debug|Any CPU
		{8A972481-D894-4673-8D5E-20E109C99891}.Debug|x64.ActiveCfg = Debug|Any CPU
		{8A972481-D894-4673-8D5E-20E109C99891}.Debug|x64.Build.0 = Debug|Any CPU
		{8A972481-D894-4673-8D5E-20E109C99891}.Debug|x86.ActiveCfg = Debug|Any CPU
		{8A972481-D894-4673-8D5E-20E109C99891}.Debug|x86.Build.0 = Debug|Any CPU
		{8A972481-D894-4673-8D5E-20E109C99891}.Release|Any CPU.ActiveCfg = Release|Any CPU
		{8A972481-D894-4673-8D5E-20E109C99891}.Release|Any CPU.Build.0 = Release|Any CPU
		{8A972481-D894-4673-8D5E-20E109C99891}.Release|ARM.ActiveCfg = Release|Any CPU
		{8A972481-D894-4673-8D5E-20E109C99891}.Release|ARM.Build.0 = Release|Any CPU
		{8A972481-D894-4673-8D5E-20E109C99891}.Release|iPhone.ActiveCfg = Release|Any CPU
		{8A972481-D894-4673-8D5E-20E109C99891}.Release|iPhone.Build.0 = Release|Any CPU
		{8A972481-D894-4673-8D5E-20E109C99891}.Release|iPhoneSimulator.ActiveCfg = Release|Any CPU
		{8A972481-D894-4673-8D5E-20E109C99891}.Release|iPhoneSimulator.Build.0 = Release|Any CPU
		{8A972481-D894-4673-8D5E-20E109C99891}.Release|x64.ActiveCfg = Release|Any CPU
		{8A972481-D894-4673-8D5E-20E109C99891}.Release|x64.Build.0 = Release|Any CPU
		{8A972481-D894-4673-8D5E-20E109C99891}.Release|x86.ActiveCfg = Release|Any CPU
		{8A972481-D894-4673-8D5E-20E109C99891}.Release|x86.Build.0 = Release|Any CPU
		{882FC137-1238-43EA-9C41-3087D2FFA141}.Ad-Hoc|Any CPU.ActiveCfg = Debug|Any CPU
		{882FC137-1238-43EA-9C41-3087D2FFA141}.Ad-Hoc|Any CPU.Build.0 = Debug|Any CPU
		{882FC137-1238-43EA-9C41-3087D2FFA141}.Ad-Hoc|ARM.ActiveCfg = Debug|Any CPU
		{882FC137-1238-43EA-9C41-3087D2FFA141}.Ad-Hoc|ARM.Build.0 = Debug|Any CPU
		{882FC137-1238-43EA-9C41-3087D2FFA141}.Ad-Hoc|iPhone.ActiveCfg = Debug|Any CPU
		{882FC137-1238-43EA-9C41-3087D2FFA141}.Ad-Hoc|iPhone.Build.0 = Debug|Any CPU
		{882FC137-1238-43EA-9C41-3087D2FFA141}.Ad-Hoc|iPhoneSimulator.ActiveCfg = Debug|Any CPU
		{882FC137-1238-43EA-9C41-3087D2FFA141}.Ad-Hoc|iPhoneSimulator.Build.0 = Debug|Any CPU
		{882FC137-1238-43EA-9C41-3087D2FFA141}.Ad-Hoc|x64.ActiveCfg = Debug|Any CPU
		{882FC137-1238-43EA-9C41-3087D2FFA141}.Ad-Hoc|x64.Build.0 = Debug|Any CPU
		{882FC137-1238-43EA-9C41-3087D2FFA141}.Ad-Hoc|x86.ActiveCfg = Debug|Any CPU
		{882FC137-1238-43EA-9C41-3087D2FFA141}.Ad-Hoc|x86.Build.0 = Debug|Any CPU
		{882FC137-1238-43EA-9C41-3087D2FFA141}.AppStore|Any CPU.ActiveCfg = Debug|Any CPU
		{882FC137-1238-43EA-9C41-3087D2FFA141}.AppStore|Any CPU.Build.0 = Debug|Any CPU
		{882FC137-1238-43EA-9C41-3087D2FFA141}.AppStore|ARM.ActiveCfg = Debug|Any CPU
		{882FC137-1238-43EA-9C41-3087D2FFA141}.AppStore|ARM.Build.0 = Debug|Any CPU
		{882FC137-1238-43EA-9C41-3087D2FFA141}.AppStore|iPhone.ActiveCfg = Debug|Any CPU
		{882FC137-1238-43EA-9C41-3087D2FFA141}.AppStore|iPhone.Build.0 = Debug|Any CPU
		{882FC137-1238-43EA-9C41-3087D2FFA141}.AppStore|iPhoneSimulator.ActiveCfg = Debug|Any CPU
		{882FC137-1238-43EA-9C41-3087D2FFA141}.AppStore|iPhoneSimulator.Build.0 = Debug|Any CPU
		{882FC137-1238-43EA-9C41-3087D2FFA141}.AppStore|x64.ActiveCfg = Debug|Any CPU
		{882FC137-1238-43EA-9C41-3087D2FFA141}.AppStore|x64.Build.0 = Debug|Any CPU
		{882FC137-1238-43EA-9C41-3087D2FFA141}.AppStore|x86.ActiveCfg = Debug|Any CPU
		{882FC137-1238-43EA-9C41-3087D2FFA141}.AppStore|x86.Build.0 = Debug|Any CPU
		{882FC137-1238-43EA-9C41-3087D2FFA141}.Debug|Any CPU.ActiveCfg = Debug|Any CPU
		{882FC137-1238-43EA-9C41-3087D2FFA141}.Debug|Any CPU.Build.0 = Debug|Any CPU
		{882FC137-1238-43EA-9C41-3087D2FFA141}.Debug|ARM.ActiveCfg = Debug|Any CPU
		{882FC137-1238-43EA-9C41-3087D2FFA141}.Debug|ARM.Build.0 = Debug|Any CPU
		{882FC137-1238-43EA-9C41-3087D2FFA141}.Debug|iPhone.ActiveCfg = Debug|Any CPU
		{882FC137-1238-43EA-9C41-3087D2FFA141}.Debug|iPhone.Build.0 = Debug|Any CPU
		{882FC137-1238-43EA-9C41-3087D2FFA141}.Debug|iPhoneSimulator.ActiveCfg = Debug|Any CPU
		{882FC137-1238-43EA-9C41-3087D2FFA141}.Debug|iPhoneSimulator.Build.0 = Debug|Any CPU
		{882FC137-1238-43EA-9C41-3087D2FFA141}.Debug|x64.ActiveCfg = Debug|Any CPU
		{882FC137-1238-43EA-9C41-3087D2FFA141}.Debug|x64.Build.0 = Debug|Any CPU
		{882FC137-1238-43EA-9C41-3087D2FFA141}.Debug|x86.ActiveCfg = Debug|Any CPU
		{882FC137-1238-43EA-9C41-3087D2FFA141}.Debug|x86.Build.0 = Debug|Any CPU
		{882FC137-1238-43EA-9C41-3087D2FFA141}.Release|Any CPU.ActiveCfg = Release|Any CPU
		{882FC137-1238-43EA-9C41-3087D2FFA141}.Release|Any CPU.Build.0 = Release|Any CPU
		{882FC137-1238-43EA-9C41-3087D2FFA141}.Release|ARM.ActiveCfg = Release|Any CPU
		{882FC137-1238-43EA-9C41-3087D2FFA141}.Release|ARM.Build.0 = Release|Any CPU
		{882FC137-1238-43EA-9C41-3087D2FFA141}.Release|iPhone.ActiveCfg = Release|Any CPU
		{882FC137-1238-43EA-9C41-3087D2FFA141}.Release|iPhone.Build.0 = Release|Any CPU
		{882FC137-1238-43EA-9C41-3087D2FFA141}.Release|iPhoneSimulator.ActiveCfg = Release|Any CPU
		{882FC137-1238-43EA-9C41-3087D2FFA141}.Release|iPhoneSimulator.Build.0 = Release|Any CPU
		{882FC137-1238-43EA-9C41-3087D2FFA141}.Release|x64.ActiveCfg = Release|Any CPU
		{882FC137-1238-43EA-9C41-3087D2FFA141}.Release|x64.Build.0 = Release|Any CPU
		{882FC137-1238-43EA-9C41-3087D2FFA141}.Release|x86.ActiveCfg = Release|Any CPU
		{882FC137-1238-43EA-9C41-3087D2FFA141}.Release|x86.Build.0 = Release|Any CPU
		{57D1A84F-0EF4-4CDF-8DA5-DDF8486300A1}.Ad-Hoc|Any CPU.ActiveCfg = Debug|Any CPU
		{57D1A84F-0EF4-4CDF-8DA5-DDF8486300A1}.Ad-Hoc|Any CPU.Build.0 = Debug|Any CPU
		{57D1A84F-0EF4-4CDF-8DA5-DDF8486300A1}.Ad-Hoc|ARM.ActiveCfg = Debug|Any CPU
		{57D1A84F-0EF4-4CDF-8DA5-DDF8486300A1}.Ad-Hoc|ARM.Build.0 = Debug|Any CPU
		{57D1A84F-0EF4-4CDF-8DA5-DDF8486300A1}.Ad-Hoc|iPhone.ActiveCfg = Debug|Any CPU
		{57D1A84F-0EF4-4CDF-8DA5-DDF8486300A1}.Ad-Hoc|iPhone.Build.0 = Debug|Any CPU
		{57D1A84F-0EF4-4CDF-8DA5-DDF8486300A1}.Ad-Hoc|iPhoneSimulator.ActiveCfg = Debug|Any CPU
		{57D1A84F-0EF4-4CDF-8DA5-DDF8486300A1}.Ad-Hoc|iPhoneSimulator.Build.0 = Debug|Any CPU
		{57D1A84F-0EF4-4CDF-8DA5-DDF8486300A1}.Ad-Hoc|x64.ActiveCfg = Debug|Any CPU
		{57D1A84F-0EF4-4CDF-8DA5-DDF8486300A1}.Ad-Hoc|x64.Build.0 = Debug|Any CPU
		{57D1A84F-0EF4-4CDF-8DA5-DDF8486300A1}.Ad-Hoc|x86.ActiveCfg = Debug|Any CPU
		{57D1A84F-0EF4-4CDF-8DA5-DDF8486300A1}.Ad-Hoc|x86.Build.0 = Debug|Any CPU
		{57D1A84F-0EF4-4CDF-8DA5-DDF8486300A1}.AppStore|Any CPU.ActiveCfg = Debug|Any CPU
		{57D1A84F-0EF4-4CDF-8DA5-DDF8486300A1}.AppStore|Any CPU.Build.0 = Debug|Any CPU
		{57D1A84F-0EF4-4CDF-8DA5-DDF8486300A1}.AppStore|ARM.ActiveCfg = Debug|Any CPU
		{57D1A84F-0EF4-4CDF-8DA5-DDF8486300A1}.AppStore|ARM.Build.0 = Debug|Any CPU
		{57D1A84F-0EF4-4CDF-8DA5-DDF8486300A1}.AppStore|iPhone.ActiveCfg = Debug|Any CPU
		{57D1A84F-0EF4-4CDF-8DA5-DDF8486300A1}.AppStore|iPhone.Build.0 = Debug|Any CPU
		{57D1A84F-0EF4-4CDF-8DA5-DDF8486300A1}.AppStore|iPhoneSimulator.ActiveCfg = Debug|Any CPU
		{57D1A84F-0EF4-4CDF-8DA5-DDF8486300A1}.AppStore|iPhoneSimulator.Build.0 = Debug|Any CPU
		{57D1A84F-0EF4-4CDF-8DA5-DDF8486300A1}.AppStore|x64.ActiveCfg = Debug|Any CPU
		{57D1A84F-0EF4-4CDF-8DA5-DDF8486300A1}.AppStore|x64.Build.0 = Debug|Any CPU
		{57D1A84F-0EF4-4CDF-8DA5-DDF8486300A1}.AppStore|x86.ActiveCfg = Debug|Any CPU
		{57D1A84F-0EF4-4CDF-8DA5-DDF8486300A1}.AppStore|x86.Build.0 = Debug|Any CPU
		{57D1A84F-0EF4-4CDF-8DA5-DDF8486300A1}.Debug|Any CPU.ActiveCfg = Debug|Any CPU
		{57D1A84F-0EF4-4CDF-8DA5-DDF8486300A1}.Debug|Any CPU.Build.0 = Debug|Any CPU
		{57D1A84F-0EF4-4CDF-8DA5-DDF8486300A1}.Debug|ARM.ActiveCfg = Debug|Any CPU
		{57D1A84F-0EF4-4CDF-8DA5-DDF8486300A1}.Debug|ARM.Build.0 = Debug|Any CPU
		{57D1A84F-0EF4-4CDF-8DA5-DDF8486300A1}.Debug|iPhone.ActiveCfg = Debug|Any CPU
		{57D1A84F-0EF4-4CDF-8DA5-DDF8486300A1}.Debug|iPhone.Build.0 = Debug|Any CPU
		{57D1A84F-0EF4-4CDF-8DA5-DDF8486300A1}.Debug|iPhoneSimulator.ActiveCfg = Debug|Any CPU
		{57D1A84F-0EF4-4CDF-8DA5-DDF8486300A1}.Debug|iPhoneSimulator.Build.0 = Debug|Any CPU
		{57D1A84F-0EF4-4CDF-8DA5-DDF8486300A1}.Debug|x64.ActiveCfg = Debug|Any CPU
		{57D1A84F-0EF4-4CDF-8DA5-DDF8486300A1}.Debug|x64.Build.0 = Debug|Any CPU
		{57D1A84F-0EF4-4CDF-8DA5-DDF8486300A1}.Debug|x86.ActiveCfg = Debug|Any CPU
		{57D1A84F-0EF4-4CDF-8DA5-DDF8486300A1}.Debug|x86.Build.0 = Debug|Any CPU
		{57D1A84F-0EF4-4CDF-8DA5-DDF8486300A1}.Release|Any CPU.ActiveCfg = Release|Any CPU
		{57D1A84F-0EF4-4CDF-8DA5-DDF8486300A1}.Release|Any CPU.Build.0 = Release|Any CPU
		{57D1A84F-0EF4-4CDF-8DA5-DDF8486300A1}.Release|ARM.ActiveCfg = Release|Any CPU
		{57D1A84F-0EF4-4CDF-8DA5-DDF8486300A1}.Release|ARM.Build.0 = Release|Any CPU
		{57D1A84F-0EF4-4CDF-8DA5-DDF8486300A1}.Release|iPhone.ActiveCfg = Release|Any CPU
		{57D1A84F-0EF4-4CDF-8DA5-DDF8486300A1}.Release|iPhone.Build.0 = Release|Any CPU
		{57D1A84F-0EF4-4CDF-8DA5-DDF8486300A1}.Release|iPhoneSimulator.ActiveCfg = Release|Any CPU
		{57D1A84F-0EF4-4CDF-8DA5-DDF8486300A1}.Release|iPhoneSimulator.Build.0 = Release|Any CPU
		{57D1A84F-0EF4-4CDF-8DA5-DDF8486300A1}.Release|x64.ActiveCfg = Release|Any CPU
		{57D1A84F-0EF4-4CDF-8DA5-DDF8486300A1}.Release|x64.Build.0 = Release|Any CPU
		{57D1A84F-0EF4-4CDF-8DA5-DDF8486300A1}.Release|x86.ActiveCfg = Release|Any CPU
		{57D1A84F-0EF4-4CDF-8DA5-DDF8486300A1}.Release|x86.Build.0 = Release|Any CPU
	EndGlobalSection
	GlobalSection(SolutionProperties) = preSolution
		HideSolutionNode = FALSE
	EndGlobalSection
	GlobalSection(NestedProjects) = preSolution
		{2785E86E-0174-4EB3-8160-219A75E17155} = {E41DF193-4045-472B-8E45-39D461B4C4B5}
		{11F8C63C-C82B-4D73-AC99-328EA3991A1F} = {E41DF193-4045-472B-8E45-39D461B4C4B5}
		{C7F76DB4-32EC-483B-8D5B-4AF1E156EE06} = {533683F1-B92C-4149-A2AD-6045623BC6D8}
		{BB8A66D6-2E6A-4208-87D4-1AFB3EE58AFF} = {533683F1-B92C-4149-A2AD-6045623BC6D8}
		{8A972481-D894-4673-8D5E-20E109C99891} = {533683F1-B92C-4149-A2AD-6045623BC6D8}
		{882FC137-1238-43EA-9C41-3087D2FFA141} = {533683F1-B92C-4149-A2AD-6045623BC6D8}
		{57D1A84F-0EF4-4CDF-8DA5-DDF8486300A1} = {533683F1-B92C-4149-A2AD-6045623BC6D8}
	EndGlobalSection
	GlobalSection(ExtensibilityGlobals) = postSolution
		SolutionGuid = {D9FCDFD6-41EA-4EC3-B17F-FA1660C92698}
	EndGlobalSection
EndGlobal
