
Microsoft Visual Studio Solution File, Format Version 12.00
# Visual Studio 14
VisualStudioVersion = 14.0.23107.0
MinimumVisualStudioVersion = 10.0.40219.1
Project("{2150E333-8FDC-42A3-9474-1A3956D46DE8}") = "nuget", "nuget", "{B5AEA046-0E87-4A7B-8F11-80B6BDDA1F2A}"
EndProject
Project("{FAE04EC0-301F-11D3-BF4B-00C04F79EFBC}") = "HighlightMarker.NuGet", "HighlightMarker.NuGet\HighlightMarker.NuGet.csproj", "{2CF5E868-1098-4C6D-9001-27D8DC0D87BE}"
	ProjectSection(ProjectDependencies) = postProject
		{D7F3AA16-8EF1-4924-9E0A-DAD4AB46B2EB} = {D7F3AA16-8EF1-4924-9E0A-DAD4AB46B2EB}
		{56A56F17-7DE1-4CA1-9617-BF32E971AC84} = {56A56F17-7DE1-4CA1-9617-BF32E971AC84}
		{7169373F-0B82-4E5D-9129-7CC3065B90FA} = {7169373F-0B82-4E5D-9129-7CC3065B90FA}
		{A6FCEF44-D2BA-42C7-B3CB-13667BCD7B54} = {A6FCEF44-D2BA-42C7-B3CB-13667BCD7B54}
		{5876144B-47DD-4C4E-B421-BC03F191B996} = {5876144B-47DD-4C4E-B421-BC03F191B996}
		{ED9A4CA1-C04C-457D-9A2E-7995CCF12356} = {ED9A4CA1-C04C-457D-9A2E-7995CCF12356}
		{2882AEEB-D4CD-4EB9-8A6C-6653B33681F0} = {2882AEEB-D4CD-4EB9-8A6C-6653B33681F0}
	EndProjectSection
EndProject
Project("{FAE04EC0-301F-11D3-BF4B-00C04F79EFBC}") = "HighlightMarker.Android", "HighlightMarker.Android\HighlightMarker.Android.csproj", "{56A56F17-7DE1-4CA1-9617-BF32E971AC84}"
EndProject
Project("{FAE04EC0-301F-11D3-BF4B-00C04F79EFBC}") = "HighlightMarker.iOS", "HighlightMarker.iOS\HighlightMarker.iOS.csproj", "{D7F3AA16-8EF1-4924-9E0A-DAD4AB46B2EB}"
EndProject
Project("{FAE04EC0-301F-11D3-BF4B-00C04F79EFBC}") = "HighlightMarker.iOSUnified", "HighlightMarker.iOSUnified\HighlightMarker.iOSUnified.csproj", "{2882AEEB-D4CD-4EB9-8A6C-6653B33681F0}"
EndProject
Project("{FAE04EC0-301F-11D3-BF4B-00C04F79EFBC}") = "HighlightMarker.WindowsPhone8", "HighlightMarker.WindowsPhone8\HighlightMarker.WindowsPhone8.csproj", "{5876144B-47DD-4C4E-B421-BC03F191B996}"
EndProject
Project("{FAE04EC0-301F-11D3-BF4B-00C04F79EFBC}") = "HighlightMarker.WindowsPhone81", "HighlightMarker.WindowsPhone81\HighlightMarker.WindowsPhone81.csproj", "{7169373F-0B82-4E5D-9129-7CC3065B90FA}"
EndProject
Project("{FAE04EC0-301F-11D3-BF4B-00C04F79EFBC}") = "HighlightMarker.WindowsStore", "HighlightMarker.WindowsStore\HighlightMarker.WindowsStore.csproj", "{ED9A4CA1-C04C-457D-9A2E-7995CCF12356}"
EndProject
Project("{FAE04EC0-301F-11D3-BF4B-00C04F79EFBC}") = "HighlightMarker", "HighlightMarker\HighlightMarker.csproj", "{A6FCEF44-D2BA-42C7-B3CB-13667BCD7B54}"
EndProject
Project("{2150E333-8FDC-42A3-9474-1A3956D46DE8}") = "Tests", "Tests", "{533683F1-B92C-4149-A2AD-6045623BC6D8}"
EndProject
Project("{FAE04EC0-301F-11D3-BF4B-00C04F79EFBC}") = "HighlightMarker.Tests", "Tests\HighlightMarker.Tests\HighlightMarker.Tests.csproj", "{C99D79B8-EB49-4F3D-94EE-B7D0F172CB75}"
EndProject
Project("{2150E333-8FDC-42A3-9474-1A3956D46DE8}") = "Samples", "Samples", "{695387AD-D27C-4328-A074-3AF2FF1A9DA6}"
EndProject
Project("{FAE04EC0-301F-11D3-BF4B-00C04F79EFBC}") = "HighlightMarkerSample.iOS", "Samples\HighlightMarkerSample.iOS\HighlightMarkerSample.iOS.csproj", "{255720C0-C0D2-4552-A553-32451CC011B4}"
EndProject
Project("{FAE04EC0-301F-11D3-BF4B-00C04F79EFBC}") = "HighlightMarkerSample.WPF", "Samples\HighlightMarkerSample.WPF\HighlightMarkerSample.WPF.csproj", "{2785E86E-0174-4EB3-8160-219A75E17155}"
EndProject
Project("{FAE04EC0-301F-11D3-BF4B-00C04F79EFBC}") = "HighlightMarkerSample.WPA81", "Samples\HighlightMarkerSample.WPA81\HighlightMarkerSample.WPA81.csproj", "{A55549CE-9855-4FB6-B222-8F24A6D3A9BE}"
EndProject
Project("{FAE04EC0-301F-11D3-BF4B-00C04F79EFBC}") = "HighlightMarker.Netfx", "HighlightMarker.Netfx\HighlightMarker.Netfx.csproj", "{9252B66C-927F-405E-93D1-19A90FD6B165}"
EndProject
Project("{FAE04EC0-301F-11D3-BF4B-00C04F79EFBC}") = "HighlightMarkerSample.WindowsStore81", "Samples\HighlightMarkerSample.WindowsStore81\HighlightMarkerSample.WindowsStore81.csproj", "{64BB68F7-24DC-4241-8193-5C2DE23C5BA1}"
EndProject
Project("{FAE04EC0-301F-11D3-BF4B-00C04F79EFBC}") = "HighlightMarkerSample.Data", "Samples\HighlightMarkerSample.Data\HighlightMarkerSample.Data.csproj", "{326E710F-E11F-43B1-9995-5E524ECFE6C6}"
EndProject
Global
	GlobalSection(SolutionConfigurationPlatforms) = preSolution
		Ad-Hoc|Any CPU = Ad-Hoc|Any CPU
		Ad-Hoc|ARM = Ad-Hoc|ARM
		Ad-Hoc|iPhone = Ad-Hoc|iPhone
		Ad-Hoc|iPhoneSimulator = Ad-Hoc|iPhoneSimulator
		Ad-Hoc|Mixed Platforms = Ad-Hoc|Mixed Platforms
		Ad-Hoc|x64 = Ad-Hoc|x64
		Ad-Hoc|x86 = Ad-Hoc|x86
		AppStore|Any CPU = AppStore|Any CPU
		AppStore|ARM = AppStore|ARM
		AppStore|iPhone = AppStore|iPhone
		AppStore|iPhoneSimulator = AppStore|iPhoneSimulator
		AppStore|Mixed Platforms = AppStore|Mixed Platforms
		AppStore|x64 = AppStore|x64
		AppStore|x86 = AppStore|x86
		Debug|Any CPU = Debug|Any CPU
		Debug|ARM = Debug|ARM
		Debug|iPhone = Debug|iPhone
		Debug|iPhoneSimulator = Debug|iPhoneSimulator
		Debug|Mixed Platforms = Debug|Mixed Platforms
		Debug|x64 = Debug|x64
		Debug|x86 = Debug|x86
		Release|Any CPU = Release|Any CPU
		Release|ARM = Release|ARM
		Release|iPhone = Release|iPhone
		Release|iPhoneSimulator = Release|iPhoneSimulator
		Release|Mixed Platforms = Release|Mixed Platforms
		Release|x64 = Release|x64
		Release|x86 = Release|x86
	EndGlobalSection
	GlobalSection(ProjectConfigurationPlatforms) = postSolution
		{2CF5E868-1098-4C6D-9001-27D8DC0D87BE}.Ad-Hoc|Any CPU.ActiveCfg = Release|Any CPU
		{2CF5E868-1098-4C6D-9001-27D8DC0D87BE}.Ad-Hoc|Any CPU.Build.0 = Release|Any CPU
		{2CF5E868-1098-4C6D-9001-27D8DC0D87BE}.Ad-Hoc|ARM.ActiveCfg = Release|Any CPU
		{2CF5E868-1098-4C6D-9001-27D8DC0D87BE}.Ad-Hoc|iPhone.ActiveCfg = Release|Any CPU
		{2CF5E868-1098-4C6D-9001-27D8DC0D87BE}.Ad-Hoc|iPhoneSimulator.ActiveCfg = Release|Any CPU
		{2CF5E868-1098-4C6D-9001-27D8DC0D87BE}.Ad-Hoc|Mixed Platforms.ActiveCfg = Release|Any CPU
		{2CF5E868-1098-4C6D-9001-27D8DC0D87BE}.Ad-Hoc|Mixed Platforms.Build.0 = Release|Any CPU
		{2CF5E868-1098-4C6D-9001-27D8DC0D87BE}.Ad-Hoc|x64.ActiveCfg = Release|Any CPU
		{2CF5E868-1098-4C6D-9001-27D8DC0D87BE}.Ad-Hoc|x86.ActiveCfg = Release|Any CPU
		{2CF5E868-1098-4C6D-9001-27D8DC0D87BE}.AppStore|Any CPU.ActiveCfg = Release|Any CPU
		{2CF5E868-1098-4C6D-9001-27D8DC0D87BE}.AppStore|Any CPU.Build.0 = Release|Any CPU
		{2CF5E868-1098-4C6D-9001-27D8DC0D87BE}.AppStore|ARM.ActiveCfg = Release|Any CPU
		{2CF5E868-1098-4C6D-9001-27D8DC0D87BE}.AppStore|iPhone.ActiveCfg = Release|Any CPU
		{2CF5E868-1098-4C6D-9001-27D8DC0D87BE}.AppStore|iPhoneSimulator.ActiveCfg = Release|Any CPU
		{2CF5E868-1098-4C6D-9001-27D8DC0D87BE}.AppStore|Mixed Platforms.ActiveCfg = Release|Any CPU
		{2CF5E868-1098-4C6D-9001-27D8DC0D87BE}.AppStore|Mixed Platforms.Build.0 = Release|Any CPU
		{2CF5E868-1098-4C6D-9001-27D8DC0D87BE}.AppStore|x64.ActiveCfg = Release|Any CPU
		{2CF5E868-1098-4C6D-9001-27D8DC0D87BE}.AppStore|x86.ActiveCfg = Release|Any CPU
		{2CF5E868-1098-4C6D-9001-27D8DC0D87BE}.Debug|Any CPU.ActiveCfg = Debug|Any CPU
		{2CF5E868-1098-4C6D-9001-27D8DC0D87BE}.Debug|ARM.ActiveCfg = Debug|Any CPU
		{2CF5E868-1098-4C6D-9001-27D8DC0D87BE}.Debug|iPhone.ActiveCfg = Debug|Any CPU
		{2CF5E868-1098-4C6D-9001-27D8DC0D87BE}.Debug|iPhoneSimulator.ActiveCfg = Debug|Any CPU
		{2CF5E868-1098-4C6D-9001-27D8DC0D87BE}.Debug|Mixed Platforms.ActiveCfg = Debug|Any CPU
		{2CF5E868-1098-4C6D-9001-27D8DC0D87BE}.Debug|x64.ActiveCfg = Debug|Any CPU
		{2CF5E868-1098-4C6D-9001-27D8DC0D87BE}.Debug|x86.ActiveCfg = Debug|Any CPU
		{2CF5E868-1098-4C6D-9001-27D8DC0D87BE}.Release|Any CPU.ActiveCfg = Release|Any CPU
		{2CF5E868-1098-4C6D-9001-27D8DC0D87BE}.Release|Any CPU.Build.0 = Release|Any CPU
		{2CF5E868-1098-4C6D-9001-27D8DC0D87BE}.Release|ARM.ActiveCfg = Release|Any CPU
		{2CF5E868-1098-4C6D-9001-27D8DC0D87BE}.Release|iPhone.ActiveCfg = Release|Any CPU
		{2CF5E868-1098-4C6D-9001-27D8DC0D87BE}.Release|iPhoneSimulator.ActiveCfg = Release|Any CPU
		{2CF5E868-1098-4C6D-9001-27D8DC0D87BE}.Release|Mixed Platforms.ActiveCfg = Release|Any CPU
		{2CF5E868-1098-4C6D-9001-27D8DC0D87BE}.Release|Mixed Platforms.Build.0 = Release|Any CPU
		{2CF5E868-1098-4C6D-9001-27D8DC0D87BE}.Release|x64.ActiveCfg = Release|Any CPU
		{2CF5E868-1098-4C6D-9001-27D8DC0D87BE}.Release|x86.ActiveCfg = Release|Any CPU
		{56A56F17-7DE1-4CA1-9617-BF32E971AC84}.Ad-Hoc|Any CPU.ActiveCfg = Release|Any CPU
		{56A56F17-7DE1-4CA1-9617-BF32E971AC84}.Ad-Hoc|Any CPU.Build.0 = Release|Any CPU
		{56A56F17-7DE1-4CA1-9617-BF32E971AC84}.Ad-Hoc|ARM.ActiveCfg = Release|Any CPU
		{56A56F17-7DE1-4CA1-9617-BF32E971AC84}.Ad-Hoc|iPhone.ActiveCfg = Release|Any CPU
		{56A56F17-7DE1-4CA1-9617-BF32E971AC84}.Ad-Hoc|iPhoneSimulator.ActiveCfg = Release|Any CPU
		{56A56F17-7DE1-4CA1-9617-BF32E971AC84}.Ad-Hoc|Mixed Platforms.ActiveCfg = Release|Any CPU
		{56A56F17-7DE1-4CA1-9617-BF32E971AC84}.Ad-Hoc|Mixed Platforms.Build.0 = Release|Any CPU
		{56A56F17-7DE1-4CA1-9617-BF32E971AC84}.Ad-Hoc|x64.ActiveCfg = Release|Any CPU
		{56A56F17-7DE1-4CA1-9617-BF32E971AC84}.Ad-Hoc|x86.ActiveCfg = Release|Any CPU
		{56A56F17-7DE1-4CA1-9617-BF32E971AC84}.AppStore|Any CPU.ActiveCfg = Release|Any CPU
		{56A56F17-7DE1-4CA1-9617-BF32E971AC84}.AppStore|Any CPU.Build.0 = Release|Any CPU
		{56A56F17-7DE1-4CA1-9617-BF32E971AC84}.AppStore|ARM.ActiveCfg = Release|Any CPU
		{56A56F17-7DE1-4CA1-9617-BF32E971AC84}.AppStore|iPhone.ActiveCfg = Release|Any CPU
		{56A56F17-7DE1-4CA1-9617-BF32E971AC84}.AppStore|iPhoneSimulator.ActiveCfg = Release|Any CPU
		{56A56F17-7DE1-4CA1-9617-BF32E971AC84}.AppStore|Mixed Platforms.ActiveCfg = Release|Any CPU
		{56A56F17-7DE1-4CA1-9617-BF32E971AC84}.AppStore|Mixed Platforms.Build.0 = Release|Any CPU
		{56A56F17-7DE1-4CA1-9617-BF32E971AC84}.AppStore|x64.ActiveCfg = Release|Any CPU
		{56A56F17-7DE1-4CA1-9617-BF32E971AC84}.AppStore|x86.ActiveCfg = Release|Any CPU
		{56A56F17-7DE1-4CA1-9617-BF32E971AC84}.Debug|Any CPU.ActiveCfg = Debug|Any CPU
		{56A56F17-7DE1-4CA1-9617-BF32E971AC84}.Debug|Any CPU.Build.0 = Debug|Any CPU
		{56A56F17-7DE1-4CA1-9617-BF32E971AC84}.Debug|ARM.ActiveCfg = Debug|Any CPU
		{56A56F17-7DE1-4CA1-9617-BF32E971AC84}.Debug|iPhone.ActiveCfg = Debug|Any CPU
		{56A56F17-7DE1-4CA1-9617-BF32E971AC84}.Debug|iPhoneSimulator.ActiveCfg = Debug|Any CPU
		{56A56F17-7DE1-4CA1-9617-BF32E971AC84}.Debug|Mixed Platforms.ActiveCfg = Debug|Any CPU
		{56A56F17-7DE1-4CA1-9617-BF32E971AC84}.Debug|Mixed Platforms.Build.0 = Debug|Any CPU
		{56A56F17-7DE1-4CA1-9617-BF32E971AC84}.Debug|x64.ActiveCfg = Debug|Any CPU
		{56A56F17-7DE1-4CA1-9617-BF32E971AC84}.Debug|x86.ActiveCfg = Debug|Any CPU
		{56A56F17-7DE1-4CA1-9617-BF32E971AC84}.Release|Any CPU.ActiveCfg = Release|Any CPU
		{56A56F17-7DE1-4CA1-9617-BF32E971AC84}.Release|Any CPU.Build.0 = Release|Any CPU
		{56A56F17-7DE1-4CA1-9617-BF32E971AC84}.Release|ARM.ActiveCfg = Release|Any CPU
		{56A56F17-7DE1-4CA1-9617-BF32E971AC84}.Release|iPhone.ActiveCfg = Release|Any CPU
		{56A56F17-7DE1-4CA1-9617-BF32E971AC84}.Release|iPhoneSimulator.ActiveCfg = Release|Any CPU
		{56A56F17-7DE1-4CA1-9617-BF32E971AC84}.Release|Mixed Platforms.ActiveCfg = Release|Any CPU
		{56A56F17-7DE1-4CA1-9617-BF32E971AC84}.Release|Mixed Platforms.Build.0 = Release|Any CPU
		{56A56F17-7DE1-4CA1-9617-BF32E971AC84}.Release|x64.ActiveCfg = Release|Any CPU
		{56A56F17-7DE1-4CA1-9617-BF32E971AC84}.Release|x86.ActiveCfg = Release|Any CPU
		{D7F3AA16-8EF1-4924-9E0A-DAD4AB46B2EB}.Ad-Hoc|Any CPU.ActiveCfg = Release|Any CPU
		{D7F3AA16-8EF1-4924-9E0A-DAD4AB46B2EB}.Ad-Hoc|Any CPU.Build.0 = Release|Any CPU
		{D7F3AA16-8EF1-4924-9E0A-DAD4AB46B2EB}.Ad-Hoc|ARM.ActiveCfg = Release|Any CPU
		{D7F3AA16-8EF1-4924-9E0A-DAD4AB46B2EB}.Ad-Hoc|iPhone.ActiveCfg = Release|Any CPU
		{D7F3AA16-8EF1-4924-9E0A-DAD4AB46B2EB}.Ad-Hoc|iPhoneSimulator.ActiveCfg = Release|Any CPU
		{D7F3AA16-8EF1-4924-9E0A-DAD4AB46B2EB}.Ad-Hoc|Mixed Platforms.ActiveCfg = Release|Any CPU
		{D7F3AA16-8EF1-4924-9E0A-DAD4AB46B2EB}.Ad-Hoc|Mixed Platforms.Build.0 = Release|Any CPU
		{D7F3AA16-8EF1-4924-9E0A-DAD4AB46B2EB}.Ad-Hoc|x64.ActiveCfg = Release|Any CPU
		{D7F3AA16-8EF1-4924-9E0A-DAD4AB46B2EB}.Ad-Hoc|x86.ActiveCfg = Release|Any CPU
		{D7F3AA16-8EF1-4924-9E0A-DAD4AB46B2EB}.AppStore|Any CPU.ActiveCfg = Release|Any CPU
		{D7F3AA16-8EF1-4924-9E0A-DAD4AB46B2EB}.AppStore|Any CPU.Build.0 = Release|Any CPU
		{D7F3AA16-8EF1-4924-9E0A-DAD4AB46B2EB}.AppStore|ARM.ActiveCfg = Release|Any CPU
		{D7F3AA16-8EF1-4924-9E0A-DAD4AB46B2EB}.AppStore|iPhone.ActiveCfg = Release|Any CPU
		{D7F3AA16-8EF1-4924-9E0A-DAD4AB46B2EB}.AppStore|iPhoneSimulator.ActiveCfg = Release|Any CPU
		{D7F3AA16-8EF1-4924-9E0A-DAD4AB46B2EB}.AppStore|Mixed Platforms.ActiveCfg = Release|Any CPU
		{D7F3AA16-8EF1-4924-9E0A-DAD4AB46B2EB}.AppStore|Mixed Platforms.Build.0 = Release|Any CPU
		{D7F3AA16-8EF1-4924-9E0A-DAD4AB46B2EB}.AppStore|x64.ActiveCfg = Release|Any CPU
		{D7F3AA16-8EF1-4924-9E0A-DAD4AB46B2EB}.AppStore|x86.ActiveCfg = Release|Any CPU
		{D7F3AA16-8EF1-4924-9E0A-DAD4AB46B2EB}.Debug|Any CPU.ActiveCfg = Debug|Any CPU
		{D7F3AA16-8EF1-4924-9E0A-DAD4AB46B2EB}.Debug|Any CPU.Build.0 = Debug|Any CPU
		{D7F3AA16-8EF1-4924-9E0A-DAD4AB46B2EB}.Debug|ARM.ActiveCfg = Debug|Any CPU
		{D7F3AA16-8EF1-4924-9E0A-DAD4AB46B2EB}.Debug|iPhone.ActiveCfg = Debug|Any CPU
		{D7F3AA16-8EF1-4924-9E0A-DAD4AB46B2EB}.Debug|iPhoneSimulator.ActiveCfg = Debug|Any CPU
		{D7F3AA16-8EF1-4924-9E0A-DAD4AB46B2EB}.Debug|Mixed Platforms.ActiveCfg = Debug|Any CPU
		{D7F3AA16-8EF1-4924-9E0A-DAD4AB46B2EB}.Debug|Mixed Platforms.Build.0 = Debug|Any CPU
		{D7F3AA16-8EF1-4924-9E0A-DAD4AB46B2EB}.Debug|x64.ActiveCfg = Debug|Any CPU
		{D7F3AA16-8EF1-4924-9E0A-DAD4AB46B2EB}.Debug|x86.ActiveCfg = Debug|Any CPU
		{D7F3AA16-8EF1-4924-9E0A-DAD4AB46B2EB}.Release|Any CPU.ActiveCfg = Release|Any CPU
		{D7F3AA16-8EF1-4924-9E0A-DAD4AB46B2EB}.Release|Any CPU.Build.0 = Release|Any CPU
		{D7F3AA16-8EF1-4924-9E0A-DAD4AB46B2EB}.Release|ARM.ActiveCfg = Release|Any CPU
		{D7F3AA16-8EF1-4924-9E0A-DAD4AB46B2EB}.Release|iPhone.ActiveCfg = Release|Any CPU
		{D7F3AA16-8EF1-4924-9E0A-DAD4AB46B2EB}.Release|iPhoneSimulator.ActiveCfg = Release|Any CPU
		{D7F3AA16-8EF1-4924-9E0A-DAD4AB46B2EB}.Release|Mixed Platforms.ActiveCfg = Release|Any CPU
		{D7F3AA16-8EF1-4924-9E0A-DAD4AB46B2EB}.Release|Mixed Platforms.Build.0 = Release|Any CPU
		{D7F3AA16-8EF1-4924-9E0A-DAD4AB46B2EB}.Release|x64.ActiveCfg = Release|Any CPU
		{D7F3AA16-8EF1-4924-9E0A-DAD4AB46B2EB}.Release|x86.ActiveCfg = Release|Any CPU
		{2882AEEB-D4CD-4EB9-8A6C-6653B33681F0}.Ad-Hoc|Any CPU.ActiveCfg = Release|Any CPU
		{2882AEEB-D4CD-4EB9-8A6C-6653B33681F0}.Ad-Hoc|Any CPU.Build.0 = Release|Any CPU
		{2882AEEB-D4CD-4EB9-8A6C-6653B33681F0}.Ad-Hoc|ARM.ActiveCfg = Release|Any CPU
		{2882AEEB-D4CD-4EB9-8A6C-6653B33681F0}.Ad-Hoc|iPhone.ActiveCfg = Release|Any CPU
		{2882AEEB-D4CD-4EB9-8A6C-6653B33681F0}.Ad-Hoc|iPhoneSimulator.ActiveCfg = Release|Any CPU
		{2882AEEB-D4CD-4EB9-8A6C-6653B33681F0}.Ad-Hoc|Mixed Platforms.ActiveCfg = Release|Any CPU
		{2882AEEB-D4CD-4EB9-8A6C-6653B33681F0}.Ad-Hoc|Mixed Platforms.Build.0 = Release|Any CPU
		{2882AEEB-D4CD-4EB9-8A6C-6653B33681F0}.Ad-Hoc|x64.ActiveCfg = Release|Any CPU
		{2882AEEB-D4CD-4EB9-8A6C-6653B33681F0}.Ad-Hoc|x86.ActiveCfg = Release|Any CPU
		{2882AEEB-D4CD-4EB9-8A6C-6653B33681F0}.AppStore|Any CPU.ActiveCfg = Release|Any CPU
		{2882AEEB-D4CD-4EB9-8A6C-6653B33681F0}.AppStore|Any CPU.Build.0 = Release|Any CPU
		{2882AEEB-D4CD-4EB9-8A6C-6653B33681F0}.AppStore|ARM.ActiveCfg = Release|Any CPU
		{2882AEEB-D4CD-4EB9-8A6C-6653B33681F0}.AppStore|iPhone.ActiveCfg = Release|Any CPU
		{2882AEEB-D4CD-4EB9-8A6C-6653B33681F0}.AppStore|iPhoneSimulator.ActiveCfg = Release|Any CPU
		{2882AEEB-D4CD-4EB9-8A6C-6653B33681F0}.AppStore|Mixed Platforms.ActiveCfg = Release|Any CPU
		{2882AEEB-D4CD-4EB9-8A6C-6653B33681F0}.AppStore|Mixed Platforms.Build.0 = Release|Any CPU
		{2882AEEB-D4CD-4EB9-8A6C-6653B33681F0}.AppStore|x64.ActiveCfg = Release|Any CPU
		{2882AEEB-D4CD-4EB9-8A6C-6653B33681F0}.AppStore|x86.ActiveCfg = Release|Any CPU
		{2882AEEB-D4CD-4EB9-8A6C-6653B33681F0}.Debug|Any CPU.ActiveCfg = Debug|Any CPU
		{2882AEEB-D4CD-4EB9-8A6C-6653B33681F0}.Debug|Any CPU.Build.0 = Debug|Any CPU
		{2882AEEB-D4CD-4EB9-8A6C-6653B33681F0}.Debug|ARM.ActiveCfg = Debug|Any CPU
		{2882AEEB-D4CD-4EB9-8A6C-6653B33681F0}.Debug|iPhone.ActiveCfg = Debug|Any CPU
		{2882AEEB-D4CD-4EB9-8A6C-6653B33681F0}.Debug|iPhoneSimulator.ActiveCfg = Debug|Any CPU
		{2882AEEB-D4CD-4EB9-8A6C-6653B33681F0}.Debug|Mixed Platforms.ActiveCfg = Debug|Any CPU
		{2882AEEB-D4CD-4EB9-8A6C-6653B33681F0}.Debug|Mixed Platforms.Build.0 = Debug|Any CPU
		{2882AEEB-D4CD-4EB9-8A6C-6653B33681F0}.Debug|x64.ActiveCfg = Debug|Any CPU
		{2882AEEB-D4CD-4EB9-8A6C-6653B33681F0}.Debug|x86.ActiveCfg = Debug|Any CPU
		{2882AEEB-D4CD-4EB9-8A6C-6653B33681F0}.Release|Any CPU.ActiveCfg = Release|Any CPU
		{2882AEEB-D4CD-4EB9-8A6C-6653B33681F0}.Release|Any CPU.Build.0 = Release|Any CPU
		{2882AEEB-D4CD-4EB9-8A6C-6653B33681F0}.Release|ARM.ActiveCfg = Release|Any CPU
		{2882AEEB-D4CD-4EB9-8A6C-6653B33681F0}.Release|iPhone.ActiveCfg = Release|Any CPU
		{2882AEEB-D4CD-4EB9-8A6C-6653B33681F0}.Release|iPhoneSimulator.ActiveCfg = Release|Any CPU
		{2882AEEB-D4CD-4EB9-8A6C-6653B33681F0}.Release|Mixed Platforms.ActiveCfg = Release|Any CPU
		{2882AEEB-D4CD-4EB9-8A6C-6653B33681F0}.Release|Mixed Platforms.Build.0 = Release|Any CPU
		{2882AEEB-D4CD-4EB9-8A6C-6653B33681F0}.Release|x64.ActiveCfg = Release|Any CPU
		{2882AEEB-D4CD-4EB9-8A6C-6653B33681F0}.Release|x86.ActiveCfg = Release|Any CPU
		{5876144B-47DD-4C4E-B421-BC03F191B996}.Ad-Hoc|Any CPU.ActiveCfg = Release|Any CPU
		{5876144B-47DD-4C4E-B421-BC03F191B996}.Ad-Hoc|Any CPU.Build.0 = Release|Any CPU
		{5876144B-47DD-4C4E-B421-BC03F191B996}.Ad-Hoc|ARM.ActiveCfg = Release|ARM
		{5876144B-47DD-4C4E-B421-BC03F191B996}.Ad-Hoc|ARM.Build.0 = Release|ARM
		{5876144B-47DD-4C4E-B421-BC03F191B996}.Ad-Hoc|iPhone.ActiveCfg = Release|Any CPU
		{5876144B-47DD-4C4E-B421-BC03F191B996}.Ad-Hoc|iPhoneSimulator.ActiveCfg = Release|Any CPU
		{5876144B-47DD-4C4E-B421-BC03F191B996}.Ad-Hoc|Mixed Platforms.ActiveCfg = Release|x86
		{5876144B-47DD-4C4E-B421-BC03F191B996}.Ad-Hoc|Mixed Platforms.Build.0 = Release|x86
		{5876144B-47DD-4C4E-B421-BC03F191B996}.Ad-Hoc|x64.ActiveCfg = Release|Any CPU
		{5876144B-47DD-4C4E-B421-BC03F191B996}.Ad-Hoc|x86.ActiveCfg = Release|x86
		{5876144B-47DD-4C4E-B421-BC03F191B996}.Ad-Hoc|x86.Build.0 = Release|x86
		{5876144B-47DD-4C4E-B421-BC03F191B996}.AppStore|Any CPU.ActiveCfg = Release|Any CPU
		{5876144B-47DD-4C4E-B421-BC03F191B996}.AppStore|Any CPU.Build.0 = Release|Any CPU
		{5876144B-47DD-4C4E-B421-BC03F191B996}.AppStore|ARM.ActiveCfg = Release|ARM
		{5876144B-47DD-4C4E-B421-BC03F191B996}.AppStore|ARM.Build.0 = Release|ARM
		{5876144B-47DD-4C4E-B421-BC03F191B996}.AppStore|iPhone.ActiveCfg = Release|Any CPU
		{5876144B-47DD-4C4E-B421-BC03F191B996}.AppStore|iPhoneSimulator.ActiveCfg = Release|Any CPU
		{5876144B-47DD-4C4E-B421-BC03F191B996}.AppStore|Mixed Platforms.ActiveCfg = Release|x86
		{5876144B-47DD-4C4E-B421-BC03F191B996}.AppStore|Mixed Platforms.Build.0 = Release|x86
		{5876144B-47DD-4C4E-B421-BC03F191B996}.AppStore|x64.ActiveCfg = Release|Any CPU
		{5876144B-47DD-4C4E-B421-BC03F191B996}.AppStore|x86.ActiveCfg = Release|x86
		{5876144B-47DD-4C4E-B421-BC03F191B996}.AppStore|x86.Build.0 = Release|x86
		{5876144B-47DD-4C4E-B421-BC03F191B996}.Debug|Any CPU.ActiveCfg = Debug|Any CPU
		{5876144B-47DD-4C4E-B421-BC03F191B996}.Debug|Any CPU.Build.0 = Debug|Any CPU
		{5876144B-47DD-4C4E-B421-BC03F191B996}.Debug|ARM.ActiveCfg = Debug|ARM
		{5876144B-47DD-4C4E-B421-BC03F191B996}.Debug|ARM.Build.0 = Debug|ARM
		{5876144B-47DD-4C4E-B421-BC03F191B996}.Debug|iPhone.ActiveCfg = Debug|Any CPU
		{5876144B-47DD-4C4E-B421-BC03F191B996}.Debug|iPhoneSimulator.ActiveCfg = Debug|Any CPU
		{5876144B-47DD-4C4E-B421-BC03F191B996}.Debug|Mixed Platforms.ActiveCfg = Debug|x86
		{5876144B-47DD-4C4E-B421-BC03F191B996}.Debug|Mixed Platforms.Build.0 = Debug|x86
		{5876144B-47DD-4C4E-B421-BC03F191B996}.Debug|x64.ActiveCfg = Debug|Any CPU
		{5876144B-47DD-4C4E-B421-BC03F191B996}.Debug|x86.ActiveCfg = Debug|x86
		{5876144B-47DD-4C4E-B421-BC03F191B996}.Debug|x86.Build.0 = Debug|x86
		{5876144B-47DD-4C4E-B421-BC03F191B996}.Release|Any CPU.ActiveCfg = Release|Any CPU
		{5876144B-47DD-4C4E-B421-BC03F191B996}.Release|Any CPU.Build.0 = Release|Any CPU
		{5876144B-47DD-4C4E-B421-BC03F191B996}.Release|ARM.ActiveCfg = Release|ARM
		{5876144B-47DD-4C4E-B421-BC03F191B996}.Release|ARM.Build.0 = Release|ARM
		{5876144B-47DD-4C4E-B421-BC03F191B996}.Release|iPhone.ActiveCfg = Release|Any CPU
		{5876144B-47DD-4C4E-B421-BC03F191B996}.Release|iPhoneSimulator.ActiveCfg = Release|Any CPU
		{5876144B-47DD-4C4E-B421-BC03F191B996}.Release|Mixed Platforms.ActiveCfg = Release|Any CPU
		{5876144B-47DD-4C4E-B421-BC03F191B996}.Release|Mixed Platforms.Build.0 = Release|Any CPU
		{5876144B-47DD-4C4E-B421-BC03F191B996}.Release|x64.ActiveCfg = Release|Any CPU
		{5876144B-47DD-4C4E-B421-BC03F191B996}.Release|x86.ActiveCfg = Release|x86
		{5876144B-47DD-4C4E-B421-BC03F191B996}.Release|x86.Build.0 = Release|x86
		{7169373F-0B82-4E5D-9129-7CC3065B90FA}.Ad-Hoc|Any CPU.ActiveCfg = Release|Any CPU
		{7169373F-0B82-4E5D-9129-7CC3065B90FA}.Ad-Hoc|Any CPU.Build.0 = Release|Any CPU
		{7169373F-0B82-4E5D-9129-7CC3065B90FA}.Ad-Hoc|ARM.ActiveCfg = Release|ARM
		{7169373F-0B82-4E5D-9129-7CC3065B90FA}.Ad-Hoc|ARM.Build.0 = Release|ARM
		{7169373F-0B82-4E5D-9129-7CC3065B90FA}.Ad-Hoc|iPhone.ActiveCfg = Release|Any CPU
		{7169373F-0B82-4E5D-9129-7CC3065B90FA}.Ad-Hoc|iPhoneSimulator.ActiveCfg = Release|Any CPU
		{7169373F-0B82-4E5D-9129-7CC3065B90FA}.Ad-Hoc|Mixed Platforms.ActiveCfg = Release|x86
		{7169373F-0B82-4E5D-9129-7CC3065B90FA}.Ad-Hoc|Mixed Platforms.Build.0 = Release|x86
		{7169373F-0B82-4E5D-9129-7CC3065B90FA}.Ad-Hoc|x64.ActiveCfg = Release|Any CPU
		{7169373F-0B82-4E5D-9129-7CC3065B90FA}.Ad-Hoc|x86.ActiveCfg = Release|x86
		{7169373F-0B82-4E5D-9129-7CC3065B90FA}.Ad-Hoc|x86.Build.0 = Release|x86
		{7169373F-0B82-4E5D-9129-7CC3065B90FA}.AppStore|Any CPU.ActiveCfg = Release|Any CPU
		{7169373F-0B82-4E5D-9129-7CC3065B90FA}.AppStore|Any CPU.Build.0 = Release|Any CPU
		{7169373F-0B82-4E5D-9129-7CC3065B90FA}.AppStore|ARM.ActiveCfg = Release|ARM
		{7169373F-0B82-4E5D-9129-7CC3065B90FA}.AppStore|ARM.Build.0 = Release|ARM
		{7169373F-0B82-4E5D-9129-7CC3065B90FA}.AppStore|iPhone.ActiveCfg = Release|Any CPU
		{7169373F-0B82-4E5D-9129-7CC3065B90FA}.AppStore|iPhoneSimulator.ActiveCfg = Release|Any CPU
		{7169373F-0B82-4E5D-9129-7CC3065B90FA}.AppStore|Mixed Platforms.ActiveCfg = Release|x86
		{7169373F-0B82-4E5D-9129-7CC3065B90FA}.AppStore|Mixed Platforms.Build.0 = Release|x86
		{7169373F-0B82-4E5D-9129-7CC3065B90FA}.AppStore|x64.ActiveCfg = Release|Any CPU
		{7169373F-0B82-4E5D-9129-7CC3065B90FA}.AppStore|x86.ActiveCfg = Release|x86
		{7169373F-0B82-4E5D-9129-7CC3065B90FA}.AppStore|x86.Build.0 = Release|x86
		{7169373F-0B82-4E5D-9129-7CC3065B90FA}.Debug|Any CPU.ActiveCfg = Debug|Any CPU
		{7169373F-0B82-4E5D-9129-7CC3065B90FA}.Debug|Any CPU.Build.0 = Debug|Any CPU
		{7169373F-0B82-4E5D-9129-7CC3065B90FA}.Debug|ARM.ActiveCfg = Debug|ARM
		{7169373F-0B82-4E5D-9129-7CC3065B90FA}.Debug|ARM.Build.0 = Debug|ARM
		{7169373F-0B82-4E5D-9129-7CC3065B90FA}.Debug|iPhone.ActiveCfg = Debug|Any CPU
		{7169373F-0B82-4E5D-9129-7CC3065B90FA}.Debug|iPhoneSimulator.ActiveCfg = Debug|Any CPU
		{7169373F-0B82-4E5D-9129-7CC3065B90FA}.Debug|Mixed Platforms.ActiveCfg = Debug|x86
		{7169373F-0B82-4E5D-9129-7CC3065B90FA}.Debug|Mixed Platforms.Build.0 = Debug|x86
		{7169373F-0B82-4E5D-9129-7CC3065B90FA}.Debug|x64.ActiveCfg = Debug|Any CPU
		{7169373F-0B82-4E5D-9129-7CC3065B90FA}.Debug|x86.ActiveCfg = Debug|x86
		{7169373F-0B82-4E5D-9129-7CC3065B90FA}.Debug|x86.Build.0 = Debug|x86
		{7169373F-0B82-4E5D-9129-7CC3065B90FA}.Release|Any CPU.ActiveCfg = Release|Any CPU
		{7169373F-0B82-4E5D-9129-7CC3065B90FA}.Release|Any CPU.Build.0 = Release|Any CPU
		{7169373F-0B82-4E5D-9129-7CC3065B90FA}.Release|ARM.ActiveCfg = Release|ARM
		{7169373F-0B82-4E5D-9129-7CC3065B90FA}.Release|ARM.Build.0 = Release|ARM
		{7169373F-0B82-4E5D-9129-7CC3065B90FA}.Release|iPhone.ActiveCfg = Release|Any CPU
		{7169373F-0B82-4E5D-9129-7CC3065B90FA}.Release|iPhoneSimulator.ActiveCfg = Release|Any CPU
		{7169373F-0B82-4E5D-9129-7CC3065B90FA}.Release|Mixed Platforms.ActiveCfg = Release|Any CPU
		{7169373F-0B82-4E5D-9129-7CC3065B90FA}.Release|Mixed Platforms.Build.0 = Release|Any CPU
		{7169373F-0B82-4E5D-9129-7CC3065B90FA}.Release|x64.ActiveCfg = Release|Any CPU
		{7169373F-0B82-4E5D-9129-7CC3065B90FA}.Release|x86.ActiveCfg = Release|x86
		{7169373F-0B82-4E5D-9129-7CC3065B90FA}.Release|x86.Build.0 = Release|x86
		{ED9A4CA1-C04C-457D-9A2E-7995CCF12356}.Ad-Hoc|Any CPU.ActiveCfg = Release|Any CPU
		{ED9A4CA1-C04C-457D-9A2E-7995CCF12356}.Ad-Hoc|Any CPU.Build.0 = Release|Any CPU
		{ED9A4CA1-C04C-457D-9A2E-7995CCF12356}.Ad-Hoc|ARM.ActiveCfg = Release|ARM
		{ED9A4CA1-C04C-457D-9A2E-7995CCF12356}.Ad-Hoc|ARM.Build.0 = Release|ARM
		{ED9A4CA1-C04C-457D-9A2E-7995CCF12356}.Ad-Hoc|iPhone.ActiveCfg = Release|Any CPU
		{ED9A4CA1-C04C-457D-9A2E-7995CCF12356}.Ad-Hoc|iPhoneSimulator.ActiveCfg = Release|Any CPU
		{ED9A4CA1-C04C-457D-9A2E-7995CCF12356}.Ad-Hoc|Mixed Platforms.ActiveCfg = Release|x86
		{ED9A4CA1-C04C-457D-9A2E-7995CCF12356}.Ad-Hoc|Mixed Platforms.Build.0 = Release|x86
		{ED9A4CA1-C04C-457D-9A2E-7995CCF12356}.Ad-Hoc|x64.ActiveCfg = Release|x64
		{ED9A4CA1-C04C-457D-9A2E-7995CCF12356}.Ad-Hoc|x64.Build.0 = Release|x64
		{ED9A4CA1-C04C-457D-9A2E-7995CCF12356}.Ad-Hoc|x86.ActiveCfg = Release|x86
		{ED9A4CA1-C04C-457D-9A2E-7995CCF12356}.Ad-Hoc|x86.Build.0 = Release|x86
		{ED9A4CA1-C04C-457D-9A2E-7995CCF12356}.AppStore|Any CPU.ActiveCfg = Release|Any CPU
		{ED9A4CA1-C04C-457D-9A2E-7995CCF12356}.AppStore|Any CPU.Build.0 = Release|Any CPU
		{ED9A4CA1-C04C-457D-9A2E-7995CCF12356}.AppStore|ARM.ActiveCfg = Release|ARM
		{ED9A4CA1-C04C-457D-9A2E-7995CCF12356}.AppStore|ARM.Build.0 = Release|ARM
		{ED9A4CA1-C04C-457D-9A2E-7995CCF12356}.AppStore|iPhone.ActiveCfg = Release|Any CPU
		{ED9A4CA1-C04C-457D-9A2E-7995CCF12356}.AppStore|iPhoneSimulator.ActiveCfg = Release|Any CPU
		{ED9A4CA1-C04C-457D-9A2E-7995CCF12356}.AppStore|Mixed Platforms.ActiveCfg = Release|x86
		{ED9A4CA1-C04C-457D-9A2E-7995CCF12356}.AppStore|Mixed Platforms.Build.0 = Release|x86
		{ED9A4CA1-C04C-457D-9A2E-7995CCF12356}.AppStore|x64.ActiveCfg = Release|x64
		{ED9A4CA1-C04C-457D-9A2E-7995CCF12356}.AppStore|x64.Build.0 = Release|x64
		{ED9A4CA1-C04C-457D-9A2E-7995CCF12356}.AppStore|x86.ActiveCfg = Release|x86
		{ED9A4CA1-C04C-457D-9A2E-7995CCF12356}.AppStore|x86.Build.0 = Release|x86
		{ED9A4CA1-C04C-457D-9A2E-7995CCF12356}.Debug|Any CPU.ActiveCfg = Debug|Any CPU
		{ED9A4CA1-C04C-457D-9A2E-7995CCF12356}.Debug|Any CPU.Build.0 = Debug|Any CPU
		{ED9A4CA1-C04C-457D-9A2E-7995CCF12356}.Debug|ARM.ActiveCfg = Debug|ARM
		{ED9A4CA1-C04C-457D-9A2E-7995CCF12356}.Debug|ARM.Build.0 = Debug|ARM
		{ED9A4CA1-C04C-457D-9A2E-7995CCF12356}.Debug|iPhone.ActiveCfg = Debug|Any CPU
		{ED9A4CA1-C04C-457D-9A2E-7995CCF12356}.Debug|iPhoneSimulator.ActiveCfg = Debug|Any CPU
		{ED9A4CA1-C04C-457D-9A2E-7995CCF12356}.Debug|Mixed Platforms.ActiveCfg = Debug|x86
		{ED9A4CA1-C04C-457D-9A2E-7995CCF12356}.Debug|Mixed Platforms.Build.0 = Debug|x86
		{ED9A4CA1-C04C-457D-9A2E-7995CCF12356}.Debug|x64.ActiveCfg = Debug|x64
		{ED9A4CA1-C04C-457D-9A2E-7995CCF12356}.Debug|x64.Build.0 = Debug|x64
		{ED9A4CA1-C04C-457D-9A2E-7995CCF12356}.Debug|x86.ActiveCfg = Debug|x86
		{ED9A4CA1-C04C-457D-9A2E-7995CCF12356}.Debug|x86.Build.0 = Debug|x86
		{ED9A4CA1-C04C-457D-9A2E-7995CCF12356}.Release|Any CPU.ActiveCfg = Release|Any CPU
		{ED9A4CA1-C04C-457D-9A2E-7995CCF12356}.Release|Any CPU.Build.0 = Release|Any CPU
		{ED9A4CA1-C04C-457D-9A2E-7995CCF12356}.Release|ARM.ActiveCfg = Release|ARM
		{ED9A4CA1-C04C-457D-9A2E-7995CCF12356}.Release|ARM.Build.0 = Release|ARM
		{ED9A4CA1-C04C-457D-9A2E-7995CCF12356}.Release|iPhone.ActiveCfg = Release|Any CPU
		{ED9A4CA1-C04C-457D-9A2E-7995CCF12356}.Release|iPhoneSimulator.ActiveCfg = Release|Any CPU
		{ED9A4CA1-C04C-457D-9A2E-7995CCF12356}.Release|Mixed Platforms.ActiveCfg = Release|Any CPU
		{ED9A4CA1-C04C-457D-9A2E-7995CCF12356}.Release|Mixed Platforms.Build.0 = Release|Any CPU
		{ED9A4CA1-C04C-457D-9A2E-7995CCF12356}.Release|x64.ActiveCfg = Release|x64
		{ED9A4CA1-C04C-457D-9A2E-7995CCF12356}.Release|x64.Build.0 = Release|x64
		{ED9A4CA1-C04C-457D-9A2E-7995CCF12356}.Release|x86.ActiveCfg = Release|x86
		{ED9A4CA1-C04C-457D-9A2E-7995CCF12356}.Release|x86.Build.0 = Release|x86
		{A6FCEF44-D2BA-42C7-B3CB-13667BCD7B54}.Ad-Hoc|Any CPU.ActiveCfg = Release|Any CPU
		{A6FCEF44-D2BA-42C7-B3CB-13667BCD7B54}.Ad-Hoc|Any CPU.Build.0 = Release|Any CPU
		{A6FCEF44-D2BA-42C7-B3CB-13667BCD7B54}.Ad-Hoc|ARM.ActiveCfg = Release|Any CPU
		{A6FCEF44-D2BA-42C7-B3CB-13667BCD7B54}.Ad-Hoc|iPhone.ActiveCfg = Release|Any CPU
		{A6FCEF44-D2BA-42C7-B3CB-13667BCD7B54}.Ad-Hoc|iPhoneSimulator.ActiveCfg = Release|Any CPU
		{A6FCEF44-D2BA-42C7-B3CB-13667BCD7B54}.Ad-Hoc|Mixed Platforms.ActiveCfg = Release|Any CPU
		{A6FCEF44-D2BA-42C7-B3CB-13667BCD7B54}.Ad-Hoc|Mixed Platforms.Build.0 = Release|Any CPU
		{A6FCEF44-D2BA-42C7-B3CB-13667BCD7B54}.Ad-Hoc|x64.ActiveCfg = Release|Any CPU
		{A6FCEF44-D2BA-42C7-B3CB-13667BCD7B54}.Ad-Hoc|x86.ActiveCfg = Release|Any CPU
		{A6FCEF44-D2BA-42C7-B3CB-13667BCD7B54}.AppStore|Any CPU.ActiveCfg = Release|Any CPU
		{A6FCEF44-D2BA-42C7-B3CB-13667BCD7B54}.AppStore|Any CPU.Build.0 = Release|Any CPU
		{A6FCEF44-D2BA-42C7-B3CB-13667BCD7B54}.AppStore|ARM.ActiveCfg = Release|Any CPU
		{A6FCEF44-D2BA-42C7-B3CB-13667BCD7B54}.AppStore|iPhone.ActiveCfg = Release|Any CPU
		{A6FCEF44-D2BA-42C7-B3CB-13667BCD7B54}.AppStore|iPhoneSimulator.ActiveCfg = Release|Any CPU
		{A6FCEF44-D2BA-42C7-B3CB-13667BCD7B54}.AppStore|Mixed Platforms.ActiveCfg = Release|Any CPU
		{A6FCEF44-D2BA-42C7-B3CB-13667BCD7B54}.AppStore|Mixed Platforms.Build.0 = Release|Any CPU
		{A6FCEF44-D2BA-42C7-B3CB-13667BCD7B54}.AppStore|x64.ActiveCfg = Release|Any CPU
		{A6FCEF44-D2BA-42C7-B3CB-13667BCD7B54}.AppStore|x86.ActiveCfg = Release|Any CPU
		{A6FCEF44-D2BA-42C7-B3CB-13667BCD7B54}.Debug|Any CPU.ActiveCfg = Debug|Any CPU
		{A6FCEF44-D2BA-42C7-B3CB-13667BCD7B54}.Debug|Any CPU.Build.0 = Debug|Any CPU
		{A6FCEF44-D2BA-42C7-B3CB-13667BCD7B54}.Debug|ARM.ActiveCfg = Debug|Any CPU
		{A6FCEF44-D2BA-42C7-B3CB-13667BCD7B54}.Debug|iPhone.ActiveCfg = Debug|Any CPU
		{A6FCEF44-D2BA-42C7-B3CB-13667BCD7B54}.Debug|iPhoneSimulator.ActiveCfg = Debug|Any CPU
		{A6FCEF44-D2BA-42C7-B3CB-13667BCD7B54}.Debug|Mixed Platforms.ActiveCfg = Debug|Any CPU
		{A6FCEF44-D2BA-42C7-B3CB-13667BCD7B54}.Debug|Mixed Platforms.Build.0 = Debug|Any CPU
		{A6FCEF44-D2BA-42C7-B3CB-13667BCD7B54}.Debug|x64.ActiveCfg = Debug|Any CPU
		{A6FCEF44-D2BA-42C7-B3CB-13667BCD7B54}.Debug|x86.ActiveCfg = Debug|Any CPU
		{A6FCEF44-D2BA-42C7-B3CB-13667BCD7B54}.Release|Any CPU.ActiveCfg = Release|Any CPU
		{A6FCEF44-D2BA-42C7-B3CB-13667BCD7B54}.Release|Any CPU.Build.0 = Release|Any CPU
		{A6FCEF44-D2BA-42C7-B3CB-13667BCD7B54}.Release|ARM.ActiveCfg = Release|Any CPU
		{A6FCEF44-D2BA-42C7-B3CB-13667BCD7B54}.Release|iPhone.ActiveCfg = Release|Any CPU
		{A6FCEF44-D2BA-42C7-B3CB-13667BCD7B54}.Release|iPhoneSimulator.ActiveCfg = Release|Any CPU
		{A6FCEF44-D2BA-42C7-B3CB-13667BCD7B54}.Release|Mixed Platforms.ActiveCfg = Release|Any CPU
		{A6FCEF44-D2BA-42C7-B3CB-13667BCD7B54}.Release|Mixed Platforms.Build.0 = Release|Any CPU
		{A6FCEF44-D2BA-42C7-B3CB-13667BCD7B54}.Release|x64.ActiveCfg = Release|Any CPU
		{A6FCEF44-D2BA-42C7-B3CB-13667BCD7B54}.Release|x86.ActiveCfg = Release|Any CPU
		{C99D79B8-EB49-4F3D-94EE-B7D0F172CB75}.Ad-Hoc|Any CPU.ActiveCfg = Release|Any CPU
		{C99D79B8-EB49-4F3D-94EE-B7D0F172CB75}.Ad-Hoc|Any CPU.Build.0 = Release|Any CPU
		{C99D79B8-EB49-4F3D-94EE-B7D0F172CB75}.Ad-Hoc|ARM.ActiveCfg = Release|Any CPU
		{C99D79B8-EB49-4F3D-94EE-B7D0F172CB75}.Ad-Hoc|iPhone.ActiveCfg = Release|Any CPU
		{C99D79B8-EB49-4F3D-94EE-B7D0F172CB75}.Ad-Hoc|iPhoneSimulator.ActiveCfg = Release|Any CPU
		{C99D79B8-EB49-4F3D-94EE-B7D0F172CB75}.Ad-Hoc|Mixed Platforms.ActiveCfg = Release|Any CPU
		{C99D79B8-EB49-4F3D-94EE-B7D0F172CB75}.Ad-Hoc|Mixed Platforms.Build.0 = Release|Any CPU
		{C99D79B8-EB49-4F3D-94EE-B7D0F172CB75}.Ad-Hoc|x64.ActiveCfg = Release|Any CPU
		{C99D79B8-EB49-4F3D-94EE-B7D0F172CB75}.Ad-Hoc|x86.ActiveCfg = Release|Any CPU
		{C99D79B8-EB49-4F3D-94EE-B7D0F172CB75}.AppStore|Any CPU.ActiveCfg = Release|Any CPU
		{C99D79B8-EB49-4F3D-94EE-B7D0F172CB75}.AppStore|Any CPU.Build.0 = Release|Any CPU
		{C99D79B8-EB49-4F3D-94EE-B7D0F172CB75}.AppStore|ARM.ActiveCfg = Release|Any CPU
		{C99D79B8-EB49-4F3D-94EE-B7D0F172CB75}.AppStore|iPhone.ActiveCfg = Release|Any CPU
		{C99D79B8-EB49-4F3D-94EE-B7D0F172CB75}.AppStore|iPhoneSimulator.ActiveCfg = Release|Any CPU
		{C99D79B8-EB49-4F3D-94EE-B7D0F172CB75}.AppStore|Mixed Platforms.ActiveCfg = Release|Any CPU
		{C99D79B8-EB49-4F3D-94EE-B7D0F172CB75}.AppStore|Mixed Platforms.Build.0 = Release|Any CPU
		{C99D79B8-EB49-4F3D-94EE-B7D0F172CB75}.AppStore|x64.ActiveCfg = Release|Any CPU
		{C99D79B8-EB49-4F3D-94EE-B7D0F172CB75}.AppStore|x86.ActiveCfg = Release|Any CPU
		{C99D79B8-EB49-4F3D-94EE-B7D0F172CB75}.Debug|Any CPU.ActiveCfg = Debug|Any CPU
		{C99D79B8-EB49-4F3D-94EE-B7D0F172CB75}.Debug|Any CPU.Build.0 = Debug|Any CPU
		{C99D79B8-EB49-4F3D-94EE-B7D0F172CB75}.Debug|ARM.ActiveCfg = Debug|Any CPU
		{C99D79B8-EB49-4F3D-94EE-B7D0F172CB75}.Debug|iPhone.ActiveCfg = Debug|Any CPU
		{C99D79B8-EB49-4F3D-94EE-B7D0F172CB75}.Debug|iPhoneSimulator.ActiveCfg = Debug|Any CPU
		{C99D79B8-EB49-4F3D-94EE-B7D0F172CB75}.Debug|Mixed Platforms.ActiveCfg = Debug|Any CPU
		{C99D79B8-EB49-4F3D-94EE-B7D0F172CB75}.Debug|Mixed Platforms.Build.0 = Debug|Any CPU
		{C99D79B8-EB49-4F3D-94EE-B7D0F172CB75}.Debug|x64.ActiveCfg = Debug|Any CPU
		{C99D79B8-EB49-4F3D-94EE-B7D0F172CB75}.Debug|x86.ActiveCfg = Debug|Any CPU
		{C99D79B8-EB49-4F3D-94EE-B7D0F172CB75}.Release|Any CPU.ActiveCfg = Release|Any CPU
		{C99D79B8-EB49-4F3D-94EE-B7D0F172CB75}.Release|Any CPU.Build.0 = Release|Any CPU
		{C99D79B8-EB49-4F3D-94EE-B7D0F172CB75}.Release|ARM.ActiveCfg = Release|Any CPU
		{C99D79B8-EB49-4F3D-94EE-B7D0F172CB75}.Release|iPhone.ActiveCfg = Release|Any CPU
		{C99D79B8-EB49-4F3D-94EE-B7D0F172CB75}.Release|iPhoneSimulator.ActiveCfg = Release|Any CPU
		{C99D79B8-EB49-4F3D-94EE-B7D0F172CB75}.Release|Mixed Platforms.ActiveCfg = Release|Any CPU
		{C99D79B8-EB49-4F3D-94EE-B7D0F172CB75}.Release|Mixed Platforms.Build.0 = Release|Any CPU
		{C99D79B8-EB49-4F3D-94EE-B7D0F172CB75}.Release|x64.ActiveCfg = Release|Any CPU
		{C99D79B8-EB49-4F3D-94EE-B7D0F172CB75}.Release|x86.ActiveCfg = Release|Any CPU
		{255720C0-C0D2-4552-A553-32451CC011B4}.Ad-Hoc|Any CPU.ActiveCfg = Ad-Hoc|iPhone
		{255720C0-C0D2-4552-A553-32451CC011B4}.Ad-Hoc|ARM.ActiveCfg = Ad-Hoc|iPhone
		{255720C0-C0D2-4552-A553-32451CC011B4}.Ad-Hoc|iPhone.ActiveCfg = Ad-Hoc|iPhone
		{255720C0-C0D2-4552-A553-32451CC011B4}.Ad-Hoc|iPhone.Build.0 = Ad-Hoc|iPhone
		{255720C0-C0D2-4552-A553-32451CC011B4}.Ad-Hoc|iPhoneSimulator.ActiveCfg = Ad-Hoc|iPhoneSimulator
		{255720C0-C0D2-4552-A553-32451CC011B4}.Ad-Hoc|iPhoneSimulator.Build.0 = Ad-Hoc|iPhoneSimulator
		{255720C0-C0D2-4552-A553-32451CC011B4}.Ad-Hoc|Mixed Platforms.ActiveCfg = Ad-Hoc|iPhone
		{255720C0-C0D2-4552-A553-32451CC011B4}.Ad-Hoc|Mixed Platforms.Build.0 = Ad-Hoc|iPhone
		{255720C0-C0D2-4552-A553-32451CC011B4}.Ad-Hoc|x64.ActiveCfg = Ad-Hoc|iPhone
		{255720C0-C0D2-4552-A553-32451CC011B4}.Ad-Hoc|x86.ActiveCfg = Ad-Hoc|iPhone
		{255720C0-C0D2-4552-A553-32451CC011B4}.AppStore|Any CPU.ActiveCfg = AppStore|iPhone
		{255720C0-C0D2-4552-A553-32451CC011B4}.AppStore|ARM.ActiveCfg = AppStore|iPhone
		{255720C0-C0D2-4552-A553-32451CC011B4}.AppStore|iPhone.ActiveCfg = AppStore|iPhone
		{255720C0-C0D2-4552-A553-32451CC011B4}.AppStore|iPhone.Build.0 = AppStore|iPhone
		{255720C0-C0D2-4552-A553-32451CC011B4}.AppStore|iPhoneSimulator.ActiveCfg = AppStore|iPhoneSimulator
		{255720C0-C0D2-4552-A553-32451CC011B4}.AppStore|iPhoneSimulator.Build.0 = AppStore|iPhoneSimulator
		{255720C0-C0D2-4552-A553-32451CC011B4}.AppStore|Mixed Platforms.ActiveCfg = AppStore|iPhone
		{255720C0-C0D2-4552-A553-32451CC011B4}.AppStore|Mixed Platforms.Build.0 = AppStore|iPhone
		{255720C0-C0D2-4552-A553-32451CC011B4}.AppStore|x64.ActiveCfg = AppStore|iPhone
		{255720C0-C0D2-4552-A553-32451CC011B4}.AppStore|x86.ActiveCfg = AppStore|iPhone
		{255720C0-C0D2-4552-A553-32451CC011B4}.Debug|Any CPU.ActiveCfg = Debug|iPhone
		{255720C0-C0D2-4552-A553-32451CC011B4}.Debug|ARM.ActiveCfg = Debug|iPhone
		{255720C0-C0D2-4552-A553-32451CC011B4}.Debug|iPhone.ActiveCfg = Debug|iPhone
		{255720C0-C0D2-4552-A553-32451CC011B4}.Debug|iPhone.Build.0 = Debug|iPhone
		{255720C0-C0D2-4552-A553-32451CC011B4}.Debug|iPhoneSimulator.ActiveCfg = Debug|iPhoneSimulator
		{255720C0-C0D2-4552-A553-32451CC011B4}.Debug|iPhoneSimulator.Build.0 = Debug|iPhoneSimulator
		{255720C0-C0D2-4552-A553-32451CC011B4}.Debug|Mixed Platforms.ActiveCfg = Debug|iPhone
		{255720C0-C0D2-4552-A553-32451CC011B4}.Debug|Mixed Platforms.Build.0 = Debug|iPhone
		{255720C0-C0D2-4552-A553-32451CC011B4}.Debug|x64.ActiveCfg = Debug|iPhone
		{255720C0-C0D2-4552-A553-32451CC011B4}.Debug|x86.ActiveCfg = Debug|iPhone
		{255720C0-C0D2-4552-A553-32451CC011B4}.Release|Any CPU.ActiveCfg = Release|iPhone
		{255720C0-C0D2-4552-A553-32451CC011B4}.Release|ARM.ActiveCfg = Release|iPhone
		{255720C0-C0D2-4552-A553-32451CC011B4}.Release|iPhone.ActiveCfg = Release|iPhone
		{255720C0-C0D2-4552-A553-32451CC011B4}.Release|iPhone.Build.0 = Release|iPhone
		{255720C0-C0D2-4552-A553-32451CC011B4}.Release|iPhoneSimulator.ActiveCfg = Release|iPhoneSimulator
		{255720C0-C0D2-4552-A553-32451CC011B4}.Release|iPhoneSimulator.Build.0 = Release|iPhoneSimulator
		{255720C0-C0D2-4552-A553-32451CC011B4}.Release|Mixed Platforms.ActiveCfg = Release|iPhone
		{255720C0-C0D2-4552-A553-32451CC011B4}.Release|Mixed Platforms.Build.0 = Release|iPhone
		{255720C0-C0D2-4552-A553-32451CC011B4}.Release|x64.ActiveCfg = Release|iPhone
		{255720C0-C0D2-4552-A553-32451CC011B4}.Release|x86.ActiveCfg = Release|iPhone
		{2785E86E-0174-4EB3-8160-219A75E17155}.Ad-Hoc|Any CPU.ActiveCfg = Release|Any CPU
		{2785E86E-0174-4EB3-8160-219A75E17155}.Ad-Hoc|Any CPU.Build.0 = Release|Any CPU
		{2785E86E-0174-4EB3-8160-219A75E17155}.Ad-Hoc|ARM.ActiveCfg = Release|Any CPU
		{2785E86E-0174-4EB3-8160-219A75E17155}.Ad-Hoc|ARM.Build.0 = Release|Any CPU
		{2785E86E-0174-4EB3-8160-219A75E17155}.Ad-Hoc|iPhone.ActiveCfg = Release|Any CPU
		{2785E86E-0174-4EB3-8160-219A75E17155}.Ad-Hoc|iPhone.Build.0 = Release|Any CPU
		{2785E86E-0174-4EB3-8160-219A75E17155}.Ad-Hoc|iPhoneSimulator.ActiveCfg = Release|Any CPU
		{2785E86E-0174-4EB3-8160-219A75E17155}.Ad-Hoc|iPhoneSimulator.Build.0 = Release|Any CPU
		{2785E86E-0174-4EB3-8160-219A75E17155}.Ad-Hoc|Mixed Platforms.ActiveCfg = Release|Any CPU
		{2785E86E-0174-4EB3-8160-219A75E17155}.Ad-Hoc|Mixed Platforms.Build.0 = Release|Any CPU
		{2785E86E-0174-4EB3-8160-219A75E17155}.Ad-Hoc|x64.ActiveCfg = Release|Any CPU
		{2785E86E-0174-4EB3-8160-219A75E17155}.Ad-Hoc|x64.Build.0 = Release|Any CPU
		{2785E86E-0174-4EB3-8160-219A75E17155}.Ad-Hoc|x86.ActiveCfg = Release|Any CPU
		{2785E86E-0174-4EB3-8160-219A75E17155}.Ad-Hoc|x86.Build.0 = Release|Any CPU
		{2785E86E-0174-4EB3-8160-219A75E17155}.AppStore|Any CPU.ActiveCfg = Release|Any CPU
		{2785E86E-0174-4EB3-8160-219A75E17155}.AppStore|Any CPU.Build.0 = Release|Any CPU
		{2785E86E-0174-4EB3-8160-219A75E17155}.AppStore|ARM.ActiveCfg = Release|Any CPU
		{2785E86E-0174-4EB3-8160-219A75E17155}.AppStore|ARM.Build.0 = Release|Any CPU
		{2785E86E-0174-4EB3-8160-219A75E17155}.AppStore|iPhone.ActiveCfg = Release|Any CPU
		{2785E86E-0174-4EB3-8160-219A75E17155}.AppStore|iPhone.Build.0 = Release|Any CPU
		{2785E86E-0174-4EB3-8160-219A75E17155}.AppStore|iPhoneSimulator.ActiveCfg = Release|Any CPU
		{2785E86E-0174-4EB3-8160-219A75E17155}.AppStore|iPhoneSimulator.Build.0 = Release|Any CPU
		{2785E86E-0174-4EB3-8160-219A75E17155}.AppStore|Mixed Platforms.ActiveCfg = Release|Any CPU
		{2785E86E-0174-4EB3-8160-219A75E17155}.AppStore|Mixed Platforms.Build.0 = Release|Any CPU
		{2785E86E-0174-4EB3-8160-219A75E17155}.AppStore|x64.ActiveCfg = Release|Any CPU
		{2785E86E-0174-4EB3-8160-219A75E17155}.AppStore|x64.Build.0 = Release|Any CPU
		{2785E86E-0174-4EB3-8160-219A75E17155}.AppStore|x86.ActiveCfg = Release|Any CPU
		{2785E86E-0174-4EB3-8160-219A75E17155}.AppStore|x86.Build.0 = Release|Any CPU
		{2785E86E-0174-4EB3-8160-219A75E17155}.Debug|Any CPU.ActiveCfg = Debug|Any CPU
		{2785E86E-0174-4EB3-8160-219A75E17155}.Debug|Any CPU.Build.0 = Debug|Any CPU
		{2785E86E-0174-4EB3-8160-219A75E17155}.Debug|ARM.ActiveCfg = Debug|Any CPU
		{2785E86E-0174-4EB3-8160-219A75E17155}.Debug|ARM.Build.0 = Debug|Any CPU
		{2785E86E-0174-4EB3-8160-219A75E17155}.Debug|iPhone.ActiveCfg = Debug|Any CPU
		{2785E86E-0174-4EB3-8160-219A75E17155}.Debug|iPhone.Build.0 = Debug|Any CPU
		{2785E86E-0174-4EB3-8160-219A75E17155}.Debug|iPhoneSimulator.ActiveCfg = Debug|Any CPU
		{2785E86E-0174-4EB3-8160-219A75E17155}.Debug|iPhoneSimulator.Build.0 = Debug|Any CPU
		{2785E86E-0174-4EB3-8160-219A75E17155}.Debug|Mixed Platforms.ActiveCfg = Debug|Any CPU
		{2785E86E-0174-4EB3-8160-219A75E17155}.Debug|Mixed Platforms.Build.0 = Debug|Any CPU
		{2785E86E-0174-4EB3-8160-219A75E17155}.Debug|x64.ActiveCfg = Debug|Any CPU
		{2785E86E-0174-4EB3-8160-219A75E17155}.Debug|x64.Build.0 = Debug|Any CPU
		{2785E86E-0174-4EB3-8160-219A75E17155}.Debug|x86.ActiveCfg = Debug|Any CPU
		{2785E86E-0174-4EB3-8160-219A75E17155}.Debug|x86.Build.0 = Debug|Any CPU
		{2785E86E-0174-4EB3-8160-219A75E17155}.Release|Any CPU.ActiveCfg = Release|Any CPU
		{2785E86E-0174-4EB3-8160-219A75E17155}.Release|Any CPU.Build.0 = Release|Any CPU
		{2785E86E-0174-4EB3-8160-219A75E17155}.Release|ARM.ActiveCfg = Release|Any CPU
		{2785E86E-0174-4EB3-8160-219A75E17155}.Release|ARM.Build.0 = Release|Any CPU
		{2785E86E-0174-4EB3-8160-219A75E17155}.Release|iPhone.ActiveCfg = Release|Any CPU
		{2785E86E-0174-4EB3-8160-219A75E17155}.Release|iPhone.Build.0 = Release|Any CPU
		{2785E86E-0174-4EB3-8160-219A75E17155}.Release|iPhoneSimulator.ActiveCfg = Release|Any CPU
		{2785E86E-0174-4EB3-8160-219A75E17155}.Release|iPhoneSimulator.Build.0 = Release|Any CPU
		{2785E86E-0174-4EB3-8160-219A75E17155}.Release|Mixed Platforms.ActiveCfg = Release|Any CPU
		{2785E86E-0174-4EB3-8160-219A75E17155}.Release|Mixed Platforms.Build.0 = Release|Any CPU
		{2785E86E-0174-4EB3-8160-219A75E17155}.Release|x64.ActiveCfg = Release|Any CPU
		{2785E86E-0174-4EB3-8160-219A75E17155}.Release|x64.Build.0 = Release|Any CPU
		{2785E86E-0174-4EB3-8160-219A75E17155}.Release|x86.ActiveCfg = Release|Any CPU
		{2785E86E-0174-4EB3-8160-219A75E17155}.Release|x86.Build.0 = Release|Any CPU
		{A55549CE-9855-4FB6-B222-8F24A6D3A9BE}.Ad-Hoc|Any CPU.ActiveCfg = Release|Any CPU
		{A55549CE-9855-4FB6-B222-8F24A6D3A9BE}.Ad-Hoc|Any CPU.Build.0 = Release|Any CPU
		{A55549CE-9855-4FB6-B222-8F24A6D3A9BE}.Ad-Hoc|Any CPU.Deploy.0 = Release|Any CPU
		{A55549CE-9855-4FB6-B222-8F24A6D3A9BE}.Ad-Hoc|ARM.ActiveCfg = Release|ARM
		{A55549CE-9855-4FB6-B222-8F24A6D3A9BE}.Ad-Hoc|ARM.Build.0 = Release|ARM
		{A55549CE-9855-4FB6-B222-8F24A6D3A9BE}.Ad-Hoc|ARM.Deploy.0 = Release|ARM
		{A55549CE-9855-4FB6-B222-8F24A6D3A9BE}.Ad-Hoc|iPhone.ActiveCfg = Release|Any CPU
		{A55549CE-9855-4FB6-B222-8F24A6D3A9BE}.Ad-Hoc|iPhone.Build.0 = Release|Any CPU
		{A55549CE-9855-4FB6-B222-8F24A6D3A9BE}.Ad-Hoc|iPhone.Deploy.0 = Release|Any CPU
		{A55549CE-9855-4FB6-B222-8F24A6D3A9BE}.Ad-Hoc|iPhoneSimulator.ActiveCfg = Release|Any CPU
		{A55549CE-9855-4FB6-B222-8F24A6D3A9BE}.Ad-Hoc|iPhoneSimulator.Build.0 = Release|Any CPU
		{A55549CE-9855-4FB6-B222-8F24A6D3A9BE}.Ad-Hoc|iPhoneSimulator.Deploy.0 = Release|Any CPU
		{A55549CE-9855-4FB6-B222-8F24A6D3A9BE}.Ad-Hoc|Mixed Platforms.ActiveCfg = Release|x86
		{A55549CE-9855-4FB6-B222-8F24A6D3A9BE}.Ad-Hoc|Mixed Platforms.Build.0 = Release|x86
		{A55549CE-9855-4FB6-B222-8F24A6D3A9BE}.Ad-Hoc|Mixed Platforms.Deploy.0 = Release|x86
		{A55549CE-9855-4FB6-B222-8F24A6D3A9BE}.Ad-Hoc|x64.ActiveCfg = Release|Any CPU
		{A55549CE-9855-4FB6-B222-8F24A6D3A9BE}.Ad-Hoc|x64.Build.0 = Release|Any CPU
		{A55549CE-9855-4FB6-B222-8F24A6D3A9BE}.Ad-Hoc|x64.Deploy.0 = Release|Any CPU
		{A55549CE-9855-4FB6-B222-8F24A6D3A9BE}.Ad-Hoc|x86.ActiveCfg = Release|x86
		{A55549CE-9855-4FB6-B222-8F24A6D3A9BE}.Ad-Hoc|x86.Build.0 = Release|x86
		{A55549CE-9855-4FB6-B222-8F24A6D3A9BE}.Ad-Hoc|x86.Deploy.0 = Release|x86
		{A55549CE-9855-4FB6-B222-8F24A6D3A9BE}.AppStore|Any CPU.ActiveCfg = Release|Any CPU
		{A55549CE-9855-4FB6-B222-8F24A6D3A9BE}.AppStore|Any CPU.Build.0 = Release|Any CPU
		{A55549CE-9855-4FB6-B222-8F24A6D3A9BE}.AppStore|Any CPU.Deploy.0 = Release|Any CPU
		{A55549CE-9855-4FB6-B222-8F24A6D3A9BE}.AppStore|ARM.ActiveCfg = Release|ARM
		{A55549CE-9855-4FB6-B222-8F24A6D3A9BE}.AppStore|ARM.Build.0 = Release|ARM
		{A55549CE-9855-4FB6-B222-8F24A6D3A9BE}.AppStore|ARM.Deploy.0 = Release|ARM
		{A55549CE-9855-4FB6-B222-8F24A6D3A9BE}.AppStore|iPhone.ActiveCfg = Release|Any CPU
		{A55549CE-9855-4FB6-B222-8F24A6D3A9BE}.AppStore|iPhone.Build.0 = Release|Any CPU
		{A55549CE-9855-4FB6-B222-8F24A6D3A9BE}.AppStore|iPhone.Deploy.0 = Release|Any CPU
		{A55549CE-9855-4FB6-B222-8F24A6D3A9BE}.AppStore|iPhoneSimulator.ActiveCfg = Release|Any CPU
		{A55549CE-9855-4FB6-B222-8F24A6D3A9BE}.AppStore|iPhoneSimulator.Build.0 = Release|Any CPU
		{A55549CE-9855-4FB6-B222-8F24A6D3A9BE}.AppStore|iPhoneSimulator.Deploy.0 = Release|Any CPU
		{A55549CE-9855-4FB6-B222-8F24A6D3A9BE}.AppStore|Mixed Platforms.ActiveCfg = Release|x86
		{A55549CE-9855-4FB6-B222-8F24A6D3A9BE}.AppStore|Mixed Platforms.Build.0 = Release|x86
		{A55549CE-9855-4FB6-B222-8F24A6D3A9BE}.AppStore|Mixed Platforms.Deploy.0 = Release|x86
		{A55549CE-9855-4FB6-B222-8F24A6D3A9BE}.AppStore|x64.ActiveCfg = Release|Any CPU
		{A55549CE-9855-4FB6-B222-8F24A6D3A9BE}.AppStore|x64.Build.0 = Release|Any CPU
		{A55549CE-9855-4FB6-B222-8F24A6D3A9BE}.AppStore|x64.Deploy.0 = Release|Any CPU
		{A55549CE-9855-4FB6-B222-8F24A6D3A9BE}.AppStore|x86.ActiveCfg = Release|x86
		{A55549CE-9855-4FB6-B222-8F24A6D3A9BE}.AppStore|x86.Build.0 = Release|x86
		{A55549CE-9855-4FB6-B222-8F24A6D3A9BE}.AppStore|x86.Deploy.0 = Release|x86
		{A55549CE-9855-4FB6-B222-8F24A6D3A9BE}.Debug|Any CPU.ActiveCfg = Debug|Any CPU
		{A55549CE-9855-4FB6-B222-8F24A6D3A9BE}.Debug|Any CPU.Build.0 = Debug|Any CPU
		{A55549CE-9855-4FB6-B222-8F24A6D3A9BE}.Debug|Any CPU.Deploy.0 = Debug|Any CPU
		{A55549CE-9855-4FB6-B222-8F24A6D3A9BE}.Debug|ARM.ActiveCfg = Debug|ARM
		{A55549CE-9855-4FB6-B222-8F24A6D3A9BE}.Debug|ARM.Build.0 = Debug|ARM
		{A55549CE-9855-4FB6-B222-8F24A6D3A9BE}.Debug|ARM.Deploy.0 = Debug|ARM
		{A55549CE-9855-4FB6-B222-8F24A6D3A9BE}.Debug|iPhone.ActiveCfg = Debug|Any CPU
		{A55549CE-9855-4FB6-B222-8F24A6D3A9BE}.Debug|iPhone.Build.0 = Debug|Any CPU
		{A55549CE-9855-4FB6-B222-8F24A6D3A9BE}.Debug|iPhone.Deploy.0 = Debug|Any CPU
		{A55549CE-9855-4FB6-B222-8F24A6D3A9BE}.Debug|iPhoneSimulator.ActiveCfg = Debug|Any CPU
		{A55549CE-9855-4FB6-B222-8F24A6D3A9BE}.Debug|iPhoneSimulator.Build.0 = Debug|Any CPU
		{A55549CE-9855-4FB6-B222-8F24A6D3A9BE}.Debug|iPhoneSimulator.Deploy.0 = Debug|Any CPU
		{A55549CE-9855-4FB6-B222-8F24A6D3A9BE}.Debug|Mixed Platforms.ActiveCfg = Debug|x86
		{A55549CE-9855-4FB6-B222-8F24A6D3A9BE}.Debug|Mixed Platforms.Build.0 = Debug|x86
		{A55549CE-9855-4FB6-B222-8F24A6D3A9BE}.Debug|Mixed Platforms.Deploy.0 = Debug|x86
		{A55549CE-9855-4FB6-B222-8F24A6D3A9BE}.Debug|x64.ActiveCfg = Debug|Any CPU
		{A55549CE-9855-4FB6-B222-8F24A6D3A9BE}.Debug|x64.Build.0 = Debug|Any CPU
		{A55549CE-9855-4FB6-B222-8F24A6D3A9BE}.Debug|x64.Deploy.0 = Debug|Any CPU
		{A55549CE-9855-4FB6-B222-8F24A6D3A9BE}.Debug|x86.ActiveCfg = Debug|x86
		{A55549CE-9855-4FB6-B222-8F24A6D3A9BE}.Debug|x86.Build.0 = Debug|x86
		{A55549CE-9855-4FB6-B222-8F24A6D3A9BE}.Debug|x86.Deploy.0 = Debug|x86
		{A55549CE-9855-4FB6-B222-8F24A6D3A9BE}.Release|Any CPU.ActiveCfg = Release|Any CPU
		{A55549CE-9855-4FB6-B222-8F24A6D3A9BE}.Release|Any CPU.Build.0 = Release|Any CPU
		{A55549CE-9855-4FB6-B222-8F24A6D3A9BE}.Release|Any CPU.Deploy.0 = Release|Any CPU
		{A55549CE-9855-4FB6-B222-8F24A6D3A9BE}.Release|ARM.ActiveCfg = Release|ARM
		{A55549CE-9855-4FB6-B222-8F24A6D3A9BE}.Release|ARM.Build.0 = Release|ARM
		{A55549CE-9855-4FB6-B222-8F24A6D3A9BE}.Release|ARM.Deploy.0 = Release|ARM
		{A55549CE-9855-4FB6-B222-8F24A6D3A9BE}.Release|iPhone.ActiveCfg = Release|Any CPU
		{A55549CE-9855-4FB6-B222-8F24A6D3A9BE}.Release|iPhone.Build.0 = Release|Any CPU
		{A55549CE-9855-4FB6-B222-8F24A6D3A9BE}.Release|iPhone.Deploy.0 = Release|Any CPU
		{A55549CE-9855-4FB6-B222-8F24A6D3A9BE}.Release|iPhoneSimulator.ActiveCfg = Release|Any CPU
		{A55549CE-9855-4FB6-B222-8F24A6D3A9BE}.Release|iPhoneSimulator.Build.0 = Release|Any CPU
		{A55549CE-9855-4FB6-B222-8F24A6D3A9BE}.Release|iPhoneSimulator.Deploy.0 = Release|Any CPU
		{A55549CE-9855-4FB6-B222-8F24A6D3A9BE}.Release|Mixed Platforms.ActiveCfg = Release|x86
		{A55549CE-9855-4FB6-B222-8F24A6D3A9BE}.Release|Mixed Platforms.Build.0 = Release|x86
		{A55549CE-9855-4FB6-B222-8F24A6D3A9BE}.Release|Mixed Platforms.Deploy.0 = Release|x86
		{A55549CE-9855-4FB6-B222-8F24A6D3A9BE}.Release|x64.ActiveCfg = Release|Any CPU
		{A55549CE-9855-4FB6-B222-8F24A6D3A9BE}.Release|x64.Build.0 = Release|Any CPU
		{A55549CE-9855-4FB6-B222-8F24A6D3A9BE}.Release|x64.Deploy.0 = Release|Any CPU
		{A55549CE-9855-4FB6-B222-8F24A6D3A9BE}.Release|x86.ActiveCfg = Release|x86
		{A55549CE-9855-4FB6-B222-8F24A6D3A9BE}.Release|x86.Build.0 = Release|x86
		{A55549CE-9855-4FB6-B222-8F24A6D3A9BE}.Release|x86.Deploy.0 = Release|x86
		{9252B66C-927F-405E-93D1-19A90FD6B165}.Ad-Hoc|Any CPU.ActiveCfg = Release|Any CPU
		{9252B66C-927F-405E-93D1-19A90FD6B165}.Ad-Hoc|Any CPU.Build.0 = Release|Any CPU
		{9252B66C-927F-405E-93D1-19A90FD6B165}.Ad-Hoc|ARM.ActiveCfg = Release|Any CPU
		{9252B66C-927F-405E-93D1-19A90FD6B165}.Ad-Hoc|iPhone.ActiveCfg = Release|Any CPU
		{9252B66C-927F-405E-93D1-19A90FD6B165}.Ad-Hoc|iPhoneSimulator.ActiveCfg = Release|Any CPU
		{9252B66C-927F-405E-93D1-19A90FD6B165}.Ad-Hoc|Mixed Platforms.ActiveCfg = Release|Any CPU
		{9252B66C-927F-405E-93D1-19A90FD6B165}.Ad-Hoc|Mixed Platforms.Build.0 = Release|Any CPU
		{9252B66C-927F-405E-93D1-19A90FD6B165}.Ad-Hoc|x64.ActiveCfg = Release|Any CPU
		{9252B66C-927F-405E-93D1-19A90FD6B165}.Ad-Hoc|x86.ActiveCfg = Release|Any CPU
		{9252B66C-927F-405E-93D1-19A90FD6B165}.AppStore|Any CPU.ActiveCfg = Release|Any CPU
		{9252B66C-927F-405E-93D1-19A90FD6B165}.AppStore|Any CPU.Build.0 = Release|Any CPU
		{9252B66C-927F-405E-93D1-19A90FD6B165}.AppStore|ARM.ActiveCfg = Release|Any CPU
		{9252B66C-927F-405E-93D1-19A90FD6B165}.AppStore|iPhone.ActiveCfg = Release|Any CPU
		{9252B66C-927F-405E-93D1-19A90FD6B165}.AppStore|iPhoneSimulator.ActiveCfg = Release|Any CPU
		{9252B66C-927F-405E-93D1-19A90FD6B165}.AppStore|Mixed Platforms.ActiveCfg = Release|Any CPU
		{9252B66C-927F-405E-93D1-19A90FD6B165}.AppStore|Mixed Platforms.Build.0 = Release|Any CPU
		{9252B66C-927F-405E-93D1-19A90FD6B165}.AppStore|x64.ActiveCfg = Release|Any CPU
		{9252B66C-927F-405E-93D1-19A90FD6B165}.AppStore|x86.ActiveCfg = Release|Any CPU
		{9252B66C-927F-405E-93D1-19A90FD6B165}.Debug|Any CPU.ActiveCfg = Debug|Any CPU
		{9252B66C-927F-405E-93D1-19A90FD6B165}.Debug|Any CPU.Build.0 = Debug|Any CPU
		{9252B66C-927F-405E-93D1-19A90FD6B165}.Debug|ARM.ActiveCfg = Debug|Any CPU
		{9252B66C-927F-405E-93D1-19A90FD6B165}.Debug|iPhone.ActiveCfg = Debug|Any CPU
		{9252B66C-927F-405E-93D1-19A90FD6B165}.Debug|iPhoneSimulator.ActiveCfg = Debug|Any CPU
		{9252B66C-927F-405E-93D1-19A90FD6B165}.Debug|Mixed Platforms.ActiveCfg = Debug|Any CPU
		{9252B66C-927F-405E-93D1-19A90FD6B165}.Debug|Mixed Platforms.Build.0 = Debug|Any CPU
		{9252B66C-927F-405E-93D1-19A90FD6B165}.Debug|x64.ActiveCfg = Debug|Any CPU
		{9252B66C-927F-405E-93D1-19A90FD6B165}.Debug|x86.ActiveCfg = Debug|Any CPU
		{9252B66C-927F-405E-93D1-19A90FD6B165}.Release|Any CPU.ActiveCfg = Release|Any CPU
		{9252B66C-927F-405E-93D1-19A90FD6B165}.Release|Any CPU.Build.0 = Release|Any CPU
		{9252B66C-927F-405E-93D1-19A90FD6B165}.Release|ARM.ActiveCfg = Release|Any CPU
		{9252B66C-927F-405E-93D1-19A90FD6B165}.Release|iPhone.ActiveCfg = Release|Any CPU
		{9252B66C-927F-405E-93D1-19A90FD6B165}.Release|iPhoneSimulator.ActiveCfg = Release|Any CPU
		{9252B66C-927F-405E-93D1-19A90FD6B165}.Release|Mixed Platforms.ActiveCfg = Release|Any CPU
		{9252B66C-927F-405E-93D1-19A90FD6B165}.Release|Mixed Platforms.Build.0 = Release|Any CPU
		{9252B66C-927F-405E-93D1-19A90FD6B165}.Release|x64.ActiveCfg = Release|Any CPU
		{9252B66C-927F-405E-93D1-19A90FD6B165}.Release|x86.ActiveCfg = Release|Any CPU
		{64BB68F7-24DC-4241-8193-5C2DE23C5BA1}.Ad-Hoc|Any CPU.ActiveCfg = Release|Any CPU
		{64BB68F7-24DC-4241-8193-5C2DE23C5BA1}.Ad-Hoc|Any CPU.Build.0 = Release|Any CPU
		{64BB68F7-24DC-4241-8193-5C2DE23C5BA1}.Ad-Hoc|Any CPU.Deploy.0 = Release|Any CPU
		{64BB68F7-24DC-4241-8193-5C2DE23C5BA1}.Ad-Hoc|ARM.ActiveCfg = Release|ARM
		{64BB68F7-24DC-4241-8193-5C2DE23C5BA1}.Ad-Hoc|ARM.Build.0 = Release|ARM
		{64BB68F7-24DC-4241-8193-5C2DE23C5BA1}.Ad-Hoc|ARM.Deploy.0 = Release|ARM
		{64BB68F7-24DC-4241-8193-5C2DE23C5BA1}.Ad-Hoc|iPhone.ActiveCfg = Release|Any CPU
		{64BB68F7-24DC-4241-8193-5C2DE23C5BA1}.Ad-Hoc|iPhone.Build.0 = Release|Any CPU
		{64BB68F7-24DC-4241-8193-5C2DE23C5BA1}.Ad-Hoc|iPhone.Deploy.0 = Release|Any CPU
		{64BB68F7-24DC-4241-8193-5C2DE23C5BA1}.Ad-Hoc|iPhoneSimulator.ActiveCfg = Release|Any CPU
		{64BB68F7-24DC-4241-8193-5C2DE23C5BA1}.Ad-Hoc|iPhoneSimulator.Build.0 = Release|Any CPU
		{64BB68F7-24DC-4241-8193-5C2DE23C5BA1}.Ad-Hoc|iPhoneSimulator.Deploy.0 = Release|Any CPU
		{64BB68F7-24DC-4241-8193-5C2DE23C5BA1}.Ad-Hoc|Mixed Platforms.ActiveCfg = Release|x86
		{64BB68F7-24DC-4241-8193-5C2DE23C5BA1}.Ad-Hoc|Mixed Platforms.Build.0 = Release|x86
		{64BB68F7-24DC-4241-8193-5C2DE23C5BA1}.Ad-Hoc|Mixed Platforms.Deploy.0 = Release|x86
		{64BB68F7-24DC-4241-8193-5C2DE23C5BA1}.Ad-Hoc|x64.ActiveCfg = Release|x64
		{64BB68F7-24DC-4241-8193-5C2DE23C5BA1}.Ad-Hoc|x64.Build.0 = Release|x64
		{64BB68F7-24DC-4241-8193-5C2DE23C5BA1}.Ad-Hoc|x64.Deploy.0 = Release|x64
		{64BB68F7-24DC-4241-8193-5C2DE23C5BA1}.Ad-Hoc|x86.ActiveCfg = Release|x86
		{64BB68F7-24DC-4241-8193-5C2DE23C5BA1}.Ad-Hoc|x86.Build.0 = Release|x86
		{64BB68F7-24DC-4241-8193-5C2DE23C5BA1}.Ad-Hoc|x86.Deploy.0 = Release|x86
		{64BB68F7-24DC-4241-8193-5C2DE23C5BA1}.AppStore|Any CPU.ActiveCfg = Release|Any CPU
		{64BB68F7-24DC-4241-8193-5C2DE23C5BA1}.AppStore|Any CPU.Build.0 = Release|Any CPU
		{64BB68F7-24DC-4241-8193-5C2DE23C5BA1}.AppStore|Any CPU.Deploy.0 = Release|Any CPU
		{64BB68F7-24DC-4241-8193-5C2DE23C5BA1}.AppStore|ARM.ActiveCfg = Release|ARM
		{64BB68F7-24DC-4241-8193-5C2DE23C5BA1}.AppStore|ARM.Build.0 = Release|ARM
		{64BB68F7-24DC-4241-8193-5C2DE23C5BA1}.AppStore|ARM.Deploy.0 = Release|ARM
		{64BB68F7-24DC-4241-8193-5C2DE23C5BA1}.AppStore|iPhone.ActiveCfg = Release|Any CPU
		{64BB68F7-24DC-4241-8193-5C2DE23C5BA1}.AppStore|iPhone.Build.0 = Release|Any CPU
		{64BB68F7-24DC-4241-8193-5C2DE23C5BA1}.AppStore|iPhone.Deploy.0 = Release|Any CPU
		{64BB68F7-24DC-4241-8193-5C2DE23C5BA1}.AppStore|iPhoneSimulator.ActiveCfg = Release|Any CPU
		{64BB68F7-24DC-4241-8193-5C2DE23C5BA1}.AppStore|iPhoneSimulator.Build.0 = Release|Any CPU
		{64BB68F7-24DC-4241-8193-5C2DE23C5BA1}.AppStore|iPhoneSimulator.Deploy.0 = Release|Any CPU
		{64BB68F7-24DC-4241-8193-5C2DE23C5BA1}.AppStore|Mixed Platforms.ActiveCfg = Release|x86
		{64BB68F7-24DC-4241-8193-5C2DE23C5BA1}.AppStore|Mixed Platforms.Build.0 = Release|x86
		{64BB68F7-24DC-4241-8193-5C2DE23C5BA1}.AppStore|Mixed Platforms.Deploy.0 = Release|x86
		{64BB68F7-24DC-4241-8193-5C2DE23C5BA1}.AppStore|x64.ActiveCfg = Release|x64
		{64BB68F7-24DC-4241-8193-5C2DE23C5BA1}.AppStore|x64.Build.0 = Release|x64
		{64BB68F7-24DC-4241-8193-5C2DE23C5BA1}.AppStore|x64.Deploy.0 = Release|x64
		{64BB68F7-24DC-4241-8193-5C2DE23C5BA1}.AppStore|x86.ActiveCfg = Release|x86
		{64BB68F7-24DC-4241-8193-5C2DE23C5BA1}.AppStore|x86.Build.0 = Release|x86
		{64BB68F7-24DC-4241-8193-5C2DE23C5BA1}.AppStore|x86.Deploy.0 = Release|x86
		{64BB68F7-24DC-4241-8193-5C2DE23C5BA1}.Debug|Any CPU.ActiveCfg = Debug|Any CPU
		{64BB68F7-24DC-4241-8193-5C2DE23C5BA1}.Debug|Any CPU.Build.0 = Debug|Any CPU
		{64BB68F7-24DC-4241-8193-5C2DE23C5BA1}.Debug|Any CPU.Deploy.0 = Debug|Any CPU
		{64BB68F7-24DC-4241-8193-5C2DE23C5BA1}.Debug|ARM.ActiveCfg = Debug|ARM
		{64BB68F7-24DC-4241-8193-5C2DE23C5BA1}.Debug|ARM.Build.0 = Debug|ARM
		{64BB68F7-24DC-4241-8193-5C2DE23C5BA1}.Debug|ARM.Deploy.0 = Debug|ARM
		{64BB68F7-24DC-4241-8193-5C2DE23C5BA1}.Debug|iPhone.ActiveCfg = Debug|Any CPU
		{64BB68F7-24DC-4241-8193-5C2DE23C5BA1}.Debug|iPhone.Build.0 = Debug|Any CPU
		{64BB68F7-24DC-4241-8193-5C2DE23C5BA1}.Debug|iPhone.Deploy.0 = Debug|Any CPU
		{64BB68F7-24DC-4241-8193-5C2DE23C5BA1}.Debug|iPhoneSimulator.ActiveCfg = Debug|Any CPU
		{64BB68F7-24DC-4241-8193-5C2DE23C5BA1}.Debug|iPhoneSimulator.Build.0 = Debug|Any CPU
		{64BB68F7-24DC-4241-8193-5C2DE23C5BA1}.Debug|iPhoneSimulator.Deploy.0 = Debug|Any CPU
		{64BB68F7-24DC-4241-8193-5C2DE23C5BA1}.Debug|Mixed Platforms.ActiveCfg = Debug|x86
		{64BB68F7-24DC-4241-8193-5C2DE23C5BA1}.Debug|Mixed Platforms.Build.0 = Debug|x86
		{64BB68F7-24DC-4241-8193-5C2DE23C5BA1}.Debug|Mixed Platforms.Deploy.0 = Debug|x86
		{64BB68F7-24DC-4241-8193-5C2DE23C5BA1}.Debug|x64.ActiveCfg = Debug|x64
		{64BB68F7-24DC-4241-8193-5C2DE23C5BA1}.Debug|x64.Build.0 = Debug|x64
		{64BB68F7-24DC-4241-8193-5C2DE23C5BA1}.Debug|x64.Deploy.0 = Debug|x64
		{64BB68F7-24DC-4241-8193-5C2DE23C5BA1}.Debug|x86.ActiveCfg = Debug|x86
		{64BB68F7-24DC-4241-8193-5C2DE23C5BA1}.Debug|x86.Build.0 = Debug|x86
		{64BB68F7-24DC-4241-8193-5C2DE23C5BA1}.Debug|x86.Deploy.0 = Debug|x86
		{64BB68F7-24DC-4241-8193-5C2DE23C5BA1}.Release|Any CPU.ActiveCfg = Release|Any CPU
		{64BB68F7-24DC-4241-8193-5C2DE23C5BA1}.Release|Any CPU.Build.0 = Release|Any CPU
		{64BB68F7-24DC-4241-8193-5C2DE23C5BA1}.Release|Any CPU.Deploy.0 = Release|Any CPU
		{64BB68F7-24DC-4241-8193-5C2DE23C5BA1}.Release|ARM.ActiveCfg = Release|ARM
		{64BB68F7-24DC-4241-8193-5C2DE23C5BA1}.Release|ARM.Build.0 = Release|ARM
		{64BB68F7-24DC-4241-8193-5C2DE23C5BA1}.Release|ARM.Deploy.0 = Release|ARM
		{64BB68F7-24DC-4241-8193-5C2DE23C5BA1}.Release|iPhone.ActiveCfg = Release|Any CPU
		{64BB68F7-24DC-4241-8193-5C2DE23C5BA1}.Release|iPhone.Build.0 = Release|Any CPU
		{64BB68F7-24DC-4241-8193-5C2DE23C5BA1}.Release|iPhone.Deploy.0 = Release|Any CPU
		{64BB68F7-24DC-4241-8193-5C2DE23C5BA1}.Release|iPhoneSimulator.ActiveCfg = Release|Any CPU
		{64BB68F7-24DC-4241-8193-5C2DE23C5BA1}.Release|iPhoneSimulator.Build.0 = Release|Any CPU
		{64BB68F7-24DC-4241-8193-5C2DE23C5BA1}.Release|iPhoneSimulator.Deploy.0 = Release|Any CPU
		{64BB68F7-24DC-4241-8193-5C2DE23C5BA1}.Release|Mixed Platforms.ActiveCfg = Release|x86
		{64BB68F7-24DC-4241-8193-5C2DE23C5BA1}.Release|Mixed Platforms.Build.0 = Release|x86
		{64BB68F7-24DC-4241-8193-5C2DE23C5BA1}.Release|Mixed Platforms.Deploy.0 = Release|x86
		{64BB68F7-24DC-4241-8193-5C2DE23C5BA1}.Release|x64.ActiveCfg = Release|x64
		{64BB68F7-24DC-4241-8193-5C2DE23C5BA1}.Release|x64.Build.0 = Release|x64
		{64BB68F7-24DC-4241-8193-5C2DE23C5BA1}.Release|x64.Deploy.0 = Release|x64
		{64BB68F7-24DC-4241-8193-5C2DE23C5BA1}.Release|x86.ActiveCfg = Release|x86
		{64BB68F7-24DC-4241-8193-5C2DE23C5BA1}.Release|x86.Build.0 = Release|x86
		{64BB68F7-24DC-4241-8193-5C2DE23C5BA1}.Release|x86.Deploy.0 = Release|x86
		{326E710F-E11F-43B1-9995-5E524ECFE6C6}.Ad-Hoc|Any CPU.ActiveCfg = Release|Any CPU
		{326E710F-E11F-43B1-9995-5E524ECFE6C6}.Ad-Hoc|Any CPU.Build.0 = Release|Any CPU
		{326E710F-E11F-43B1-9995-5E524ECFE6C6}.Ad-Hoc|ARM.ActiveCfg = Release|Any CPU
		{326E710F-E11F-43B1-9995-5E524ECFE6C6}.Ad-Hoc|ARM.Build.0 = Release|Any CPU
		{326E710F-E11F-43B1-9995-5E524ECFE6C6}.Ad-Hoc|iPhone.ActiveCfg = Release|Any CPU
		{326E710F-E11F-43B1-9995-5E524ECFE6C6}.Ad-Hoc|iPhone.Build.0 = Release|Any CPU
		{326E710F-E11F-43B1-9995-5E524ECFE6C6}.Ad-Hoc|iPhoneSimulator.ActiveCfg = Release|Any CPU
		{326E710F-E11F-43B1-9995-5E524ECFE6C6}.Ad-Hoc|iPhoneSimulator.Build.0 = Release|Any CPU
		{326E710F-E11F-43B1-9995-5E524ECFE6C6}.Ad-Hoc|Mixed Platforms.ActiveCfg = Release|Any CPU
		{326E710F-E11F-43B1-9995-5E524ECFE6C6}.Ad-Hoc|Mixed Platforms.Build.0 = Release|Any CPU
		{326E710F-E11F-43B1-9995-5E524ECFE6C6}.Ad-Hoc|x64.ActiveCfg = Release|Any CPU
		{326E710F-E11F-43B1-9995-5E524ECFE6C6}.Ad-Hoc|x64.Build.0 = Release|Any CPU
		{326E710F-E11F-43B1-9995-5E524ECFE6C6}.Ad-Hoc|x86.ActiveCfg = Release|Any CPU
		{326E710F-E11F-43B1-9995-5E524ECFE6C6}.Ad-Hoc|x86.Build.0 = Release|Any CPU
		{326E710F-E11F-43B1-9995-5E524ECFE6C6}.AppStore|Any CPU.ActiveCfg = Release|Any CPU
		{326E710F-E11F-43B1-9995-5E524ECFE6C6}.AppStore|Any CPU.Build.0 = Release|Any CPU
		{326E710F-E11F-43B1-9995-5E524ECFE6C6}.AppStore|ARM.ActiveCfg = Release|Any CPU
		{326E710F-E11F-43B1-9995-5E524ECFE6C6}.AppStore|ARM.Build.0 = Release|Any CPU
		{326E710F-E11F-43B1-9995-5E524ECFE6C6}.AppStore|iPhone.ActiveCfg = Release|Any CPU
		{326E710F-E11F-43B1-9995-5E524ECFE6C6}.AppStore|iPhone.Build.0 = Release|Any CPU
		{326E710F-E11F-43B1-9995-5E524ECFE6C6}.AppStore|iPhoneSimulator.ActiveCfg = Release|Any CPU
		{326E710F-E11F-43B1-9995-5E524ECFE6C6}.AppStore|iPhoneSimulator.Build.0 = Release|Any CPU
		{326E710F-E11F-43B1-9995-5E524ECFE6C6}.AppStore|Mixed Platforms.ActiveCfg = Release|Any CPU
		{326E710F-E11F-43B1-9995-5E524ECFE6C6}.AppStore|Mixed Platforms.Build.0 = Release|Any CPU
		{326E710F-E11F-43B1-9995-5E524ECFE6C6}.AppStore|x64.ActiveCfg = Release|Any CPU
		{326E710F-E11F-43B1-9995-5E524ECFE6C6}.AppStore|x64.Build.0 = Release|Any CPU
		{326E710F-E11F-43B1-9995-5E524ECFE6C6}.AppStore|x86.ActiveCfg = Release|Any CPU
		{326E710F-E11F-43B1-9995-5E524ECFE6C6}.AppStore|x86.Build.0 = Release|Any CPU
		{326E710F-E11F-43B1-9995-5E524ECFE6C6}.Debug|Any CPU.ActiveCfg = Debug|Any CPU
		{326E710F-E11F-43B1-9995-5E524ECFE6C6}.Debug|Any CPU.Build.0 = Debug|Any CPU
		{326E710F-E11F-43B1-9995-5E524ECFE6C6}.Debug|ARM.ActiveCfg = Debug|Any CPU
		{326E710F-E11F-43B1-9995-5E524ECFE6C6}.Debug|ARM.Build.0 = Debug|Any CPU
		{326E710F-E11F-43B1-9995-5E524ECFE6C6}.Debug|iPhone.ActiveCfg = Debug|Any CPU
		{326E710F-E11F-43B1-9995-5E524ECFE6C6}.Debug|iPhone.Build.0 = Debug|Any CPU
		{326E710F-E11F-43B1-9995-5E524ECFE6C6}.Debug|iPhoneSimulator.ActiveCfg = Debug|Any CPU
		{326E710F-E11F-43B1-9995-5E524ECFE6C6}.Debug|iPhoneSimulator.Build.0 = Debug|Any CPU
		{326E710F-E11F-43B1-9995-5E524ECFE6C6}.Debug|Mixed Platforms.ActiveCfg = Debug|Any CPU
		{326E710F-E11F-43B1-9995-5E524ECFE6C6}.Debug|Mixed Platforms.Build.0 = Debug|Any CPU
		{326E710F-E11F-43B1-9995-5E524ECFE6C6}.Debug|x64.ActiveCfg = Debug|Any CPU
		{326E710F-E11F-43B1-9995-5E524ECFE6C6}.Debug|x64.Build.0 = Debug|Any CPU
		{326E710F-E11F-43B1-9995-5E524ECFE6C6}.Debug|x86.ActiveCfg = Debug|Any CPU
		{326E710F-E11F-43B1-9995-5E524ECFE6C6}.Debug|x86.Build.0 = Debug|Any CPU
		{326E710F-E11F-43B1-9995-5E524ECFE6C6}.Release|Any CPU.ActiveCfg = Release|Any CPU
		{326E710F-E11F-43B1-9995-5E524ECFE6C6}.Release|Any CPU.Build.0 = Release|Any CPU
		{326E710F-E11F-43B1-9995-5E524ECFE6C6}.Release|ARM.ActiveCfg = Release|Any CPU
		{326E710F-E11F-43B1-9995-5E524ECFE6C6}.Release|ARM.Build.0 = Release|Any CPU
		{326E710F-E11F-43B1-9995-5E524ECFE6C6}.Release|iPhone.ActiveCfg = Release|Any CPU
		{326E710F-E11F-43B1-9995-5E524ECFE6C6}.Release|iPhone.Build.0 = Release|Any CPU
		{326E710F-E11F-43B1-9995-5E524ECFE6C6}.Release|iPhoneSimulator.ActiveCfg = Release|Any CPU
		{326E710F-E11F-43B1-9995-5E524ECFE6C6}.Release|iPhoneSimulator.Build.0 = Release|Any CPU
		{326E710F-E11F-43B1-9995-5E524ECFE6C6}.Release|Mixed Platforms.ActiveCfg = Release|Any CPU
		{326E710F-E11F-43B1-9995-5E524ECFE6C6}.Release|Mixed Platforms.Build.0 = Release|Any CPU
		{326E710F-E11F-43B1-9995-5E524ECFE6C6}.Release|x64.ActiveCfg = Release|Any CPU
		{326E710F-E11F-43B1-9995-5E524ECFE6C6}.Release|x64.Build.0 = Release|Any CPU
		{326E710F-E11F-43B1-9995-5E524ECFE6C6}.Release|x86.ActiveCfg = Release|Any CPU
		{326E710F-E11F-43B1-9995-5E524ECFE6C6}.Release|x86.Build.0 = Release|Any CPU
	EndGlobalSection
	GlobalSection(SolutionProperties) = preSolution
		HideSolutionNode = FALSE
	EndGlobalSection
	GlobalSection(NestedProjects) = preSolution
		{2CF5E868-1098-4C6D-9001-27D8DC0D87BE} = {B5AEA046-0E87-4A7B-8F11-80B6BDDA1F2A}
		{C99D79B8-EB49-4F3D-94EE-B7D0F172CB75} = {533683F1-B92C-4149-A2AD-6045623BC6D8}
		{255720C0-C0D2-4552-A553-32451CC011B4} = {695387AD-D27C-4328-A074-3AF2FF1A9DA6}
		{2785E86E-0174-4EB3-8160-219A75E17155} = {695387AD-D27C-4328-A074-3AF2FF1A9DA6}
		{A55549CE-9855-4FB6-B222-8F24A6D3A9BE} = {695387AD-D27C-4328-A074-3AF2FF1A9DA6}
		{64BB68F7-24DC-4241-8193-5C2DE23C5BA1} = {695387AD-D27C-4328-A074-3AF2FF1A9DA6}
		{326E710F-E11F-43B1-9995-5E524ECFE6C6} = {695387AD-D27C-4328-A074-3AF2FF1A9DA6}
	EndGlobalSection
EndGlobal
